// !$*UTF8*$!
{
	archiveVersion = 1;
	classes = {
	};
	objectVersion = 50;
	objects = {

/* Begin PBXBuildFile section */
		03634C9C261B335E00CEC2B2 /* main.m in Sources */ = {isa = PBXBuildFile; fileRef = 03634C9B261B335E00CEC2B2 /* main.m */; };
		03634CA5261B338700CEC2B2 /* Person.m in Sources */ = {isa = PBXBuildFile; fileRef = 03634CA4261B338700CEC2B2 /* Person.m */; };
		03634CA9261B33FF00CEC2B2 /* Person+Test1.m in Sources */ = {isa = PBXBuildFile; fileRef = 03634CA8261B33FF00CEC2B2 /* Person+Test1.m */; };
		03634CAD261B341000CEC2B2 /* Person+Test2.m in Sources */ = {isa = PBXBuildFile; fileRef = 03634CAC261B341000CEC2B2 /* Person+Test2.m */; };
		03634CB1261B342600CEC2B2 /* Student.m in Sources */ = {isa = PBXBuildFile; fileRef = 03634CB0261B342600CEC2B2 /* Student.m */; };
		03634CB5261B343A00CEC2B2 /* Student+Test1.m in Sources */ = {isa = PBXBuildFile; fileRef = 03634CB4261B343A00CEC2B2 /* Student+Test1.m */; };
		03634CB9261B344200CEC2B2 /* Student+Test2.m in Sources */ = {isa = PBXBuildFile; fileRef = 03634CB8261B344200CEC2B2 /* Student+Test2.m */; };
		03634CBD261B346B00CEC2B2 /* Dog.m in Sources */ = {isa = PBXBuildFile; fileRef = 03634CBC261B346B00CEC2B2 /* Dog.m */; };
		03634CC1261B347600CEC2B2 /* Cat.m in Sources */ = {isa = PBXBuildFile; fileRef = 03634CC0261B347600CEC2B2 /* Cat.m */; };
		03634CC6261B441300CEC2B2 /* Teacher.m in Sources */ = {isa = PBXBuildFile; fileRef = 03634CC5261B441300CEC2B2 /* Teacher.m */; };
/* End PBXBuildFile section */

/* Begin PBXCopyFilesBuildPhase section */
		03634C96261B335E00CEC2B2 /* CopyFiles */ = {
			isa = PBXCopyFilesBuildPhase;
			buildActionMask = 2147483647;
			dstPath = /usr/share/man/man1/;
			dstSubfolderSpec = 0;
			files = (
			);
			runOnlyForDeploymentPostprocessing = 1;
		};
/* End PBXCopyFilesBuildPhase section */

/* Begin PBXFileReference section */
		03634C98261B335E00CEC2B2 /* 09_interview_category_initialize */ = {isa = PBXFileReference; explicitFileType = "compiled.mach-o.executable"; includeInIndex = 0; path = 09_interview_category_initialize; sourceTree = BUILT_PRODUCTS_DIR; };
		03634C9B261B335E00CEC2B2 /* main.m */ = {isa = PBXFileReference; lastKnownFileType = sourcecode.c.objc; path = main.m; sourceTree = "<group>"; };
		03634CA3261B338700CEC2B2 /* Person.h */ = {isa = PBXFileReference; lastKnownFileType = sourcecode.c.h; path = Person.h; sourceTree = "<group>"; };
		03634CA4261B338700CEC2B2 /* Person.m */ = {isa = PBXFileReference; lastKnownFileType = sourcecode.c.objc; path = Person.m; sourceTree = "<group>"; };
		03634CA7261B33FF00CEC2B2 /* Person+Test1.h */ = {isa = PBXFileReference; lastKnownFileType = sourcecode.c.h; path = "Person+Test1.h"; sourceTree = "<group>"; };
		03634CA8261B33FF00CEC2B2 /* Person+Test1.m */ = {isa = PBXFileReference; lastKnownFileType = sourcecode.c.objc; path = "Person+Test1.m"; sourceTree = "<group>"; };
		03634CAB261B341000CEC2B2 /* Person+Test2.h */ = {isa = PBXFileReference; lastKnownFileType = sourcecode.c.h; path = "Person+Test2.h"; sourceTree = "<group>"; };
		03634CAC261B341000CEC2B2 /* Person+Test2.m */ = {isa = PBXFileReference; lastKnownFileType = sourcecode.c.objc; path = "Person+Test2.m"; sourceTree = "<group>"; };
		03634CAF261B342600CEC2B2 /* Student.h */ = {isa = PBXFileReference; lastKnownFileType = sourcecode.c.h; path = Student.h; sourceTree = "<group>"; };
		03634CB0261B342600CEC2B2 /* Student.m */ = {isa = PBXFileReference; lastKnownFileType = sourcecode.c.objc; path = Student.m; sourceTree = "<group>"; };
		03634CB3261B343A00CEC2B2 /* Student+Test1.h */ = {isa = PBXFileReference; lastKnownFileType = sourcecode.c.h; path = "Student+Test1.h"; sourceTree = "<group>"; };
		03634CB4261B343A00CEC2B2 /* Student+Test1.m */ = {isa = PBXFileReference; lastKnownFileType = sourcecode.c.objc; path = "Student+Test1.m"; sourceTree = "<group>"; };
		03634CB7261B344200CEC2B2 /* Student+Test2.h */ = {isa = PBXFileReference; lastKnownFileType = sourcecode.c.h; path = "Student+Test2.h"; sourceTree = "<group>"; };
		03634CB8261B344200CEC2B2 /* Student+Test2.m */ = {isa = PBXFileReference; lastKnownFileType = sourcecode.c.objc; path = "Student+Test2.m"; sourceTree = "<group>"; };
		03634CBB261B346B00CEC2B2 /* Dog.h */ = {isa = PBXFileReference; lastKnownFileType = sourcecode.c.h; path = Dog.h; sourceTree = "<group>"; };
		03634CBC261B346B00CEC2B2 /* Dog.m */ = {isa = PBXFileReference; lastKnownFileType = sourcecode.c.objc; path = Dog.m; sourceTree = "<group>"; };
		03634CBF261B347600CEC2B2 /* Cat.h */ = {isa = PBXFileReference; lastKnownFileType = sourcecode.c.h; path = Cat.h; sourceTree = "<group>"; };
		03634CC0261B347600CEC2B2 /* Cat.m */ = {isa = PBXFileReference; lastKnownFileType = sourcecode.c.objc; path = Cat.m; sourceTree = "<group>"; };
		03634CC4261B441300CEC2B2 /* Teacher.h */ = {isa = PBXFileReference; lastKnownFileType = sourcecode.c.h; path = Teacher.h; sourceTree = "<group>"; };
		03634CC5261B441300CEC2B2 /* Teacher.m */ = {isa = PBXFileReference; lastKnownFileType = sourcecode.c.objc; path = Teacher.m; sourceTree = "<group>"; };
/* End PBXFileReference section */

/* Begin PBXFrameworksBuildPhase section */
		03634C95261B335E00CEC2B2 /* Frameworks */ = {
			isa = PBXFrameworksBuildPhase;
			buildActionMask = 2147483647;
			files = (
			);
			runOnlyForDeploymentPostprocessing = 0;
		};
/* End PBXFrameworksBuildPhase section */

/* Begin PBXGroup section */
		03634C8F261B335E00CEC2B2 = {
			isa = PBXGroup;
			children = (
				03634C9A261B335E00CEC2B2 /* 09_interview_category_initialize */,
				03634C99261B335E00CEC2B2 /* Products */,
			);
			sourceTree = "<group>";
		};
		03634C99261B335E00CEC2B2 /* Products */ = {
			isa = PBXGroup;
			children = (
				03634C98261B335E00CEC2B2 /* 09_interview_category_initialize */,
			);
			name = Products;
			sourceTree = "<group>";
		};
		03634C9A261B335E00CEC2B2 /* 09_interview_category_initialize */ = {
			isa = PBXGroup;
			children = (
				03634C9B261B335E00CEC2B2 /* main.m */,
				03634CA3261B338700CEC2B2 /* Person.h */,
				03634CA4261B338700CEC2B2 /* Person.m */,
				03634CA7261B33FF00CEC2B2 /* Person+Test1.h */,
				03634CA8261B33FF00CEC2B2 /* Person+Test1.m */,
				03634CAB261B341000CEC2B2 /* Person+Test2.h */,
				03634CAC261B341000CEC2B2 /* Person+Test2.m */,
				03634CAF261B342600CEC2B2 /* Student.h */,
				03634CB0261B342600CEC2B2 /* Student.m */,
				03634CB3261B343A00CEC2B2 /* Student+Test1.h */,
				03634CB4261B343A00CEC2B2 /* Student+Test1.m */,
				03634CB7261B344200CEC2B2 /* Student+Test2.h */,
				03634CB8261B344200CEC2B2 /* Student+Test2.m */,
				03634CC4261B441300CEC2B2 /* Teacher.h */,
				03634CC5261B441300CEC2B2 /* Teacher.m */,
				03634CBB261B346B00CEC2B2 /* Dog.h */,
				03634CBC261B346B00CEC2B2 /* Dog.m */,
				03634CBF261B347600CEC2B2 /* Cat.h */,
				03634CC0261B347600CEC2B2 /* Cat.m */,
			);
			path = 09_interview_category_initialize;
			sourceTree = "<group>";
		};
/* End PBXGroup section */

/* Begin PBXNativeTarget section */
		03634C97261B335E00CEC2B2 /* 09_interview_category_initialize */ = {
			isa = PBXNativeTarget;
			buildConfigurationList = 03634C9F261B335E00CEC2B2 /* Build configuration list for PBXNativeTarget "09_interview_category_initialize" */;
			buildPhases = (
				03634C94261B335E00CEC2B2 /* Sources */,
				03634C95261B335E00CEC2B2 /* Frameworks */,
				03634C96261B335E00CEC2B2 /* CopyFiles */,
			);
			buildRules = (
			);
			dependencies = (
			);
			name = 09_interview_category_initialize;
			productName = 09_interview_category_initialize;
			productReference = 03634C98261B335E00CEC2B2 /* 09_interview_category_initialize */;
			productType = "com.apple.product-type.tool";
		};
/* End PBXNativeTarget section */

/* Begin PBXProject section */
		03634C90261B335E00CEC2B2 /* Project object */ = {
			isa = PBXProject;
			attributes = {
				LastUpgradeCheck = 1240;
				TargetAttributes = {
					03634C97261B335E00CEC2B2 = {
						CreatedOnToolsVersion = 12.4;
					};
				};
			};
			buildConfigurationList = 03634C93261B335E00CEC2B2 /* Build configuration list for PBXProject "09_interview_category_initialize" */;
			compatibilityVersion = "Xcode 9.3";
			developmentRegion = en;
			hasScannedForEncodings = 0;
			knownRegions = (
				en,
				Base,
			);
			mainGroup = 03634C8F261B335E00CEC2B2;
			productRefGroup = 03634C99261B335E00CEC2B2 /* Products */;
			projectDirPath = "";
			projectRoot = "";
			targets = (
				03634C97261B335E00CEC2B2 /* 09_interview_category_initialize */,
			);
		};
/* End PBXProject section */

/* Begin PBXSourcesBuildPhase section */
		03634C94261B335E00CEC2B2 /* Sources */ = {
			isa = PBXSourcesBuildPhase;
			buildActionMask = 2147483647;
			files = (
				03634CA9261B33FF00CEC2B2 /* Person+Test1.m in Sources */,
				03634CAD261B341000CEC2B2 /* Person+Test2.m in Sources */,
				03634CBD261B346B00CEC2B2 /* Dog.m in Sources */,
				03634CC1261B347600CEC2B2 /* Cat.m in Sources */,
				03634CB1261B342600CEC2B2 /* Student.m in Sources */,
				03634CA5261B338700CEC2B2 /* Person.m in Sources */,
				03634CB9261B344200CEC2B2 /* Student+Test2.m in Sources */,
				03634CB5261B343A00CEC2B2 /* Student+Test1.m in Sources */,
				03634CC6261B441300CEC2B2 /* Teacher.m in Sources */,
				03634C9C261B335E00CEC2B2 /* main.m in Sources */,
			);
			runOnlyForDeploymentPostprocessing = 0;
		};
/* End PBXSourcesBuildPhase section */

/* Begin XCBuildConfiguration section */
		03634C9D261B335E00CEC2B2 /* Debug */ = {
			isa = XCBuildConfiguration;
			buildSettings = {
				ALWAYS_SEARCH_USER_PATHS = NO;
				CLANG_ANALYZER_NONNULL = YES;
				CLANG_ANALYZER_NUMBER_OBJECT_CONVERSION = YES_AGGRESSIVE;
				CLANG_CXX_LANGUAGE_STANDARD = "gnu++14";
				CLANG_CXX_LIBRARY = "libc++";
				CLANG_ENABLE_MODULES = YES;
				CLANG_ENABLE_OBJC_ARC = YES;
				CLANG_ENABLE_OBJC_WEAK = YES;
				CLANG_WARN_BLOCK_CAPTURE_AUTORELEASING = YES;
				CLANG_WARN_BOOL_CONVERSION = YES;
				CLANG_WARN_COMMA = YES;
				CLANG_WARN_CONSTANT_CONVERSION = YES;
				CLANG_WARN_DEPRECATED_OBJC_IMPLEMENTATIONS = YES;
				CLANG_WARN_DIRECT_OBJC_ISA_USAGE = YES_ERROR;
				CLANG_WARN_DOCUMENTATION_COMMENTS = YES;
				CLANG_WARN_EMPTY_BODY = YES;
				CLANG_WARN_ENUM_CONVERSION = YES;
				CLANG_WARN_INFINITE_RECURSION = YES;
				CLANG_WARN_INT_CONVERSION = YES;
				CLANG_WARN_NON_LITERAL_NULL_CONVERSION = YES;
				CLANG_WARN_OBJC_IMPLICIT_RETAIN_SELF = YES;
				CLANG_WARN_OBJC_LITERAL_CONVERSION = YES;
				CLANG_WARN_OBJC_ROOT_CLASS = YES_ERROR;
				CLANG_WARN_QUOTED_INCLUDE_IN_FRAMEWORK_HEADER = YES;
				CLANG_WARN_RANGE_LOOP_ANALYSIS = YES;
				CLANG_WARN_STRICT_PROTOTYPES = YES;
				CLANG_WARN_SUSPICIOUS_MOVE = YES;
				CLANG_WARN_UNGUARDED_AVAILABILITY = YES_AGGRESSIVE;
				CLANG_WARN_UNREACHABLE_CODE = YES;
				CLANG_WARN__DUPLICATE_METHOD_MATCH = YES;
				COPY_PHASE_STRIP = NO;
				DEBUG_INFORMATION_FORMAT = dwarf;
				ENABLE_STRICT_OBJC_MSGSEND = YES;
				ENABLE_TESTABILITY = YES;
				GCC_C_LANGUAGE_STANDARD = gnu11;
				GCC_DYNAMIC_NO_PIC = NO;
				GCC_NO_COMMON_BLOCKS = YES;
				GCC_OPTIMIZATION_LEVEL = 0;
				GCC_PREPROCESSOR_DEFINITIONS = (
					"DEBUG=1",
					"$(inherited)",
				);
				GCC_WARN_64_TO_32_BIT_CONVERSION = YES;
				GCC_WARN_ABOUT_RETURN_TYPE = YES_ERROR;
				GCC_WARN_UNDECLARED_SELECTOR = YES;
				GCC_WARN_UNINITIALIZED_AUTOS = YES_AGGRESSIVE;
				GCC_WARN_UNUSED_FUNCTION = YES;
				GCC_WARN_UNUSED_VARIABLE = YES;
				MACOSX_DEPLOYMENT_TARGET = 11.1;
				MTL_ENABLE_DEBUG_INFO = INCLUDE_SOURCE;
				MTL_FAST_MATH = YES;
				ONLY_ACTIVE_ARCH = YES;
				SDKROOT = macosx;
			};
			name = Debug;
		};
		03634C9E261B335E00CEC2B2 /* Release */ = {
			isa = XCBuildConfiguration;
			buildSettings = {
				ALWAYS_SEARCH_USER_PATHS = NO;
				CLANG_ANALYZER_NONNULL = YES;
				CLANG_ANALYZER_NUMBER_OBJECT_CONVERSION = YES_AGGRESSIVE;
				CLANG_CXX_LANGUAGE_STANDARD = "gnu++14";
				CLANG_CXX_LIBRARY = "libc++";
				CLANG_ENABLE_MODULES = YES;
				CLANG_ENABLE_OBJC_ARC = YES;
				CLANG_ENABLE_OBJC_WEAK = YES;
				CLANG_WARN_BLOCK_CAPTURE_AUTORELEASING = YES;
				CLANG_WARN_BOOL_CONVERSION = YES;
				CLANG_WARN_COMMA = YES;
				CLANG_WARN_CONSTANT_CONVERSION = YES;
				CLANG_WARN_DEPRECATED_OBJC_IMPLEMENTATIONS = YES;
				CLANG_WARN_DIRECT_OBJC_ISA_USAGE = YES_ERROR;
				CLANG_WARN_DOCUMENTATION_COMMENTS = YES;
				CLANG_WARN_EMPTY_BODY = YES;
				CLANG_WARN_ENUM_CONVERSION = YES;
				CLANG_WARN_INFINITE_RECURSION = YES;
				CLANG_WARN_INT_CONVERSION = YES;
				CLANG_WARN_NON_LITERAL_NULL_CONVERSION = YES;
				CLANG_WARN_OBJC_IMPLICIT_RETAIN_SELF = YES;
				CLANG_WARN_OBJC_LITERAL_CONVERSION = YES;
				CLANG_WARN_OBJC_ROOT_CLASS = YES_ERROR;
				CLANG_WARN_QUOTED_INCLUDE_IN_FRAMEWORK_HEADER = YES;
				CLANG_WARN_RANGE_LOOP_ANALYSIS = YES;
				CLANG_WARN_STRICT_PROTOTYPES = YES;
				CLANG_WARN_SUSPICIOUS_MOVE = YES;
				CLANG_WARN_UNGUARDED_AVAILABILITY = YES_AGGRESSIVE;
				CLANG_WARN_UNREACHABLE_CODE = YES;
				CLANG_WARN__DUPLICATE_METHOD_MATCH = YES;
				COPY_PHASE_STRIP = NO;
				DEBUG_INFORMATION_FORMAT = "dwarf-with-dsym";
				ENABLE_NS_ASSERTIONS = NO;
				ENABLE_STRICT_OBJC_MSGSEND = YES;
				GCC_C_LANGUAGE_STANDARD = gnu11;
				GCC_NO_COMMON_BLOCKS = YES;
				GCC_WARN_64_TO_32_BIT_CONVERSION = YES;
				GCC_WARN_ABOUT_RETURN_TYPE = YES_ERROR;
				GCC_WARN_UNDECLARED_SELECTOR = YES;
				GCC_WARN_UNINITIALIZED_AUTOS = YES_AGGRESSIVE;
				GCC_WARN_UNUSED_FUNCTION = YES;
				GCC_WARN_UNUSED_VARIABLE = YES;
				MACOSX_DEPLOYMENT_TARGET = 11.1;
				MTL_ENABLE_DEBUG_INFO = NO;
				MTL_FAST_MATH = YES;
				SDKROOT = macosx;
			};
			name = Release;
		};
		03634CA0261B335E00CEC2B2 /* Debug */ = {
			isa = XCBuildConfiguration;
			buildSettings = {
				CODE_SIGN_STYLE = Automatic;
				PRODUCT_NAME = "$(TARGET_NAME)";
			};
			name = Debug;
		};
		03634CA1261B335E00CEC2B2 /* Release */ = {
			isa = XCBuildConfiguration;
			buildSettings = {
				CODE_SIGN_STYLE = Automatic;
				PRODUCT_NAME = "$(TARGET_NAME)";
			};
			name = Release;
		};
/* End XCBuildConfiguration section */

/* Begin XCConfigurationList section */
		03634C93261B335E00CEC2B2 /* Build configuration list for PBXProject "09_interview_category_initialize" */ = {
			isa = XCConfigurationList;
			buildConfigurations = (
				03634C9D261B335E00CEC2B2 /* Debug */,
				03634C9E261B335E00CEC2B2 /* Release */,
			);
			defaultConfigurationIsVisible = 0;
			defaultConfigurationName = Release;
		};
		03634C9F261B335E00CEC2B2 /* Build configuration list for PBXNativeTarget "09_interview_category_initialize" */ = {
			isa = XCConfigurationList;
			buildConfigurations = (
				03634CA0261B335E00CEC2B2 /* Debug */,
				03634CA1261B335E00CEC2B2 /* Release */,
			);
			defaultConfigurationIsVisible = 0;
			defaultConfigurationName = Release;
		};
/* End XCConfigurationList section */
	};
	rootObject = 03634C90261B335E00CEC2B2 /* Project object */;
}
