// !$*UTF8*$!
{
	archiveVersion = 1;
	classes = {
	};
	objectVersion = 50;
	objects = {

/* Begin PBXBuildFile section */
		03F74339262092C100557F22 /* main.m in Sources */ = {isa = PBXBuildFile; fileRef = 03F74338262092C100557F22 /* main.m */; };
		03F743E72620932900557F22 /* CFXMLPreferencesDomain.c in Sources */ = {isa = PBXBuildFile; fileRef = 03F74345262092F800557F22 /* CFXMLPreferencesDomain.c */; };
		03F743E82620932900557F22 /* CFVersion.c in Sources */ = {isa = PBXBuildFile; fileRef = 03F74347262092F900557F22 /* CFVersion.c */; };
		03F743E92620932900557F22 /* CFError.c in Sources */ = {isa = PBXBuildFile; fileRef = 03F7434A262092F900557F22 /* CFError.c */; };
		03F743EA2620932900557F22 /* CFBundle_Locale.c in Sources */ = {isa = PBXBuildFile; fileRef = 03F7434B262092F900557F22 /* CFBundle_Locale.c */; };
		03F743EB2620932900557F22 /* CFDateFormatter.c in Sources */ = {isa = PBXBuildFile; fileRef = 03F74350262092FA00557F22 /* CFDateFormatter.c */; };
		03F743EC2620932900557F22 /* CFXMLParser.c in Sources */ = {isa = PBXBuildFile; fileRef = 03F74352262092FB00557F22 /* CFXMLParser.c */; };
		03F743ED2620932900557F22 /* plconvert.c in Sources */ = {isa = PBXBuildFile; fileRef = 03F74354262092FB00557F22 /* plconvert.c */; };
		03F743EE2620932900557F22 /* CFBundle_Grok.c in Sources */ = {isa = PBXBuildFile; fileRef = 03F74355262092FB00557F22 /* CFBundle_Grok.c */; };
		03F743EF2620932900557F22 /* CFBundle.c in Sources */ = {isa = PBXBuildFile; fileRef = 03F74357262092FB00557F22 /* CFBundle.c */; };
		03F743F02620932900557F22 /* CFApplicationPreferences.c in Sources */ = {isa = PBXBuildFile; fileRef = 03F74358262092FC00557F22 /* CFApplicationPreferences.c */; };
		03F743F12620932900557F22 /* CFFileUtilities.c in Sources */ = {isa = PBXBuildFile; fileRef = 03F74359262092FC00557F22 /* CFFileUtilities.c */; };
		03F743F22620932900557F22 /* CFSocketStream.c in Sources */ = {isa = PBXBuildFile; fileRef = 03F7435B262092FC00557F22 /* CFSocketStream.c */; };
		03F743F32620932900557F22 /* CFRuntime.c in Sources */ = {isa = PBXBuildFile; fileRef = 03F7435C262092FC00557F22 /* CFRuntime.c */; };
		03F743F42620932900557F22 /* CFCharacterSet.c in Sources */ = {isa = PBXBuildFile; fileRef = 03F7435D262092FD00557F22 /* CFCharacterSet.c */; };
		03F743F52620932900557F22 /* CFDate.c in Sources */ = {isa = PBXBuildFile; fileRef = 03F7435F262092FD00557F22 /* CFDate.c */; };
		03F743F62620932900557F22 /* CFStringEncodingDatabase.c in Sources */ = {isa = PBXBuildFile; fileRef = 03F74360262092FE00557F22 /* CFStringEncodingDatabase.c */; };
		03F743F72620932900557F22 /* CFURL.c in Sources */ = {isa = PBXBuildFile; fileRef = 03F74363262092FF00557F22 /* CFURL.c */; };
		03F743F82620932900557F22 /* CFLocaleIdentifier.c in Sources */ = {isa = PBXBuildFile; fileRef = 03F743652620930000557F22 /* CFLocaleIdentifier.c */; };
		03F743F92620932900557F22 /* CFBuiltinConverters.c in Sources */ = {isa = PBXBuildFile; fileRef = 03F743662620930000557F22 /* CFBuiltinConverters.c */; };
		03F743FA2620932900557F22 /* CFUUID.c in Sources */ = {isa = PBXBuildFile; fileRef = 03F7436A2620930100557F22 /* CFUUID.c */; };
		03F743FB2620932900557F22 /* CFUtilities.c in Sources */ = {isa = PBXBuildFile; fileRef = 03F7436F2620930300557F22 /* CFUtilities.c */; };
		03F743FC2620932900557F22 /* CFMessagePort.c in Sources */ = {isa = PBXBuildFile; fileRef = 03F743722620930400557F22 /* CFMessagePort.c */; };
		03F743FD2620932900557F22 /* CFSocket.c in Sources */ = {isa = PBXBuildFile; fileRef = 03F743742620930400557F22 /* CFSocket.c */; };
		03F743FE2620932900557F22 /* CFUnicodePrecomposition.c in Sources */ = {isa = PBXBuildFile; fileRef = 03F743752620930400557F22 /* CFUnicodePrecomposition.c */; };
		03F743FF2620932900557F22 /* CFTree.c in Sources */ = {isa = PBXBuildFile; fileRef = 03F743772620930500557F22 /* CFTree.c */; };
		03F744002620932900557F22 /* CFPlatform.c in Sources */ = {isa = PBXBuildFile; fileRef = 03F743782620930500557F22 /* CFPlatform.c */; };
		03F744012620932900557F22 /* CFData.c in Sources */ = {isa = PBXBuildFile; fileRef = 03F7437A2620930600557F22 /* CFData.c */; };
		03F744022620932900557F22 /* CFNumber.c in Sources */ = {isa = PBXBuildFile; fileRef = 03F7437F2620930700557F22 /* CFNumber.c */; };
		03F744032620932900557F22 /* CFUnicodeDecomposition.c in Sources */ = {isa = PBXBuildFile; fileRef = 03F743802620930700557F22 /* CFUnicodeDecomposition.c */; };
		03F744042620932900557F22 /* CFPreferences.c in Sources */ = {isa = PBXBuildFile; fileRef = 03F743812620930700557F22 /* CFPreferences.c */; };
		03F744052620932900557F22 /* CFNumberFormatter.c in Sources */ = {isa = PBXBuildFile; fileRef = 03F743822620930800557F22 /* CFNumberFormatter.c */; };
		03F744062620932900557F22 /* CFStorage.c in Sources */ = {isa = PBXBuildFile; fileRef = 03F743832620930800557F22 /* CFStorage.c */; };
		03F744072620932900557F22 /* CFStream.c in Sources */ = {isa = PBXBuildFile; fileRef = 03F743872620930900557F22 /* CFStream.c */; };
		03F744082620932900557F22 /* plconvert.c in Sources */ = {isa = PBXBuildFile; fileRef = 03F7438A2620930A00557F22 /* plconvert.c */; };
		03F744092620932900557F22 /* CFStringScanner.c in Sources */ = {isa = PBXBuildFile; fileRef = 03F7438B2620930A00557F22 /* CFStringScanner.c */; };
		03F7440A2620932900557F22 /* CFBinaryHeap.c in Sources */ = {isa = PBXBuildFile; fileRef = 03F7438D2620930B00557F22 /* CFBinaryHeap.c */; };
		03F7440B2620932900557F22 /* CFBundle_Strings.c in Sources */ = {isa = PBXBuildFile; fileRef = 03F7438E2620930B00557F22 /* CFBundle_Strings.c */; };
		03F7440C2620932900557F22 /* CFBigNumber.c in Sources */ = {isa = PBXBuildFile; fileRef = 03F743902620930C00557F22 /* CFBigNumber.c */; };
		03F7440D2620932900557F22 /* CFPlatformConverters.c in Sources */ = {isa = PBXBuildFile; fileRef = 03F743912620930C00557F22 /* CFPlatformConverters.c */; };
		03F7440E2620932900557F22 /* CFConcreteStreams.c in Sources */ = {isa = PBXBuildFile; fileRef = 03F743942620930D00557F22 /* CFConcreteStreams.c */; };
		03F7440F2620932900557F22 /* CFSortFunctions.c in Sources */ = {isa = PBXBuildFile; fileRef = 03F743952620930D00557F22 /* CFSortFunctions.c */; };
		03F744102620932900557F22 /* CFStringUtilities.c in Sources */ = {isa = PBXBuildFile; fileRef = 03F743962620930E00557F22 /* CFStringUtilities.c */; };
		03F744112620932900557F22 /* CFPropertyList.c in Sources */ = {isa = PBXBuildFile; fileRef = 03F743972620930E00557F22 /* CFPropertyList.c */; };
		03F744122620932900557F22 /* CFTimeZone.c in Sources */ = {isa = PBXBuildFile; fileRef = 03F743982620930E00557F22 /* CFTimeZone.c */; };
		03F744132620932900557F22 /* CFICUConverters.c in Sources */ = {isa = PBXBuildFile; fileRef = 03F7439A2620930F00557F22 /* CFICUConverters.c */; };
		03F744142620932900557F22 /* CFBasicHashFindBucket.m in Sources */ = {isa = PBXBuildFile; fileRef = 03F7439B2620930F00557F22 /* CFBasicHashFindBucket.m */; };
		03F744152620932900557F22 /* CFBurstTrie.c in Sources */ = {isa = PBXBuildFile; fileRef = 03F743A02620931000557F22 /* CFBurstTrie.c */; };
		03F744162620932900557F22 /* CFBitVector.c in Sources */ = {isa = PBXBuildFile; fileRef = 03F743A32620931100557F22 /* CFBitVector.c */; };
		03F744172620932900557F22 /* CFLocaleKeys.c in Sources */ = {isa = PBXBuildFile; fileRef = 03F743A72620931200557F22 /* CFLocaleKeys.c */; };
		03F744182620932900557F22 /* Makefile in Sources */ = {isa = PBXBuildFile; fileRef = 03F743AA2620931300557F22 /* Makefile */; };
		03F744192620932900557F22 /* CFBase.c in Sources */ = {isa = PBXBuildFile; fileRef = 03F743AB2620931300557F22 /* CFBase.c */; };
		03F7441A2620932900557F22 /* CFArray.c in Sources */ = {isa = PBXBuildFile; fileRef = 03F743AC2620931300557F22 /* CFArray.c */; };
		03F7441B2620932900557F22 /* CFStringEncodingConverter.c in Sources */ = {isa = PBXBuildFile; fileRef = 03F743AD2620931300557F22 /* CFStringEncodingConverter.c */; };
		03F7441C2620932900557F22 /* CFBag.c in Sources */ = {isa = PBXBuildFile; fileRef = 03F743AF2620931400557F22 /* CFBag.c */; };
		03F7441D2620932900557F22 /* CFOldStylePList.c in Sources */ = {isa = PBXBuildFile; fileRef = 03F743B12620931500557F22 /* CFOldStylePList.c */; };
		03F7441E2620932900557F22 /* CFBundle_Binary.c in Sources */ = {isa = PBXBuildFile; fileRef = 03F743B22620931600557F22 /* CFBundle_Binary.c */; };
		03F7441F2620932900557F22 /* CFPlugIn_Factory.c in Sources */ = {isa = PBXBuildFile; fileRef = 03F743B42620931600557F22 /* CFPlugIn_Factory.c */; };
		03F744202620932900557F22 /* CFPlugIn.c in Sources */ = {isa = PBXBuildFile; fileRef = 03F743B72620931800557F22 /* CFPlugIn.c */; };
		03F744212620932900557F22 /* CFCalendar.c in Sources */ = {isa = PBXBuildFile; fileRef = 03F743B82620931800557F22 /* CFCalendar.c */; };
		03F744222620932900557F22 /* CFSystemDirectories.c in Sources */ = {isa = PBXBuildFile; fileRef = 03F743B92620931900557F22 /* CFSystemDirectories.c */; };
		03F744232620932900557F22 /* CFBundle_Resources.c in Sources */ = {isa = PBXBuildFile; fileRef = 03F743BB2620931A00557F22 /* CFBundle_Resources.c */; };
		03F744242620932900557F22 /* CFXMLNode.c in Sources */ = {isa = PBXBuildFile; fileRef = 03F743BC2620931A00557F22 /* CFXMLNode.c */; };
		03F744252620932900557F22 /* CFBundle_InfoPlist.c in Sources */ = {isa = PBXBuildFile; fileRef = 03F743C12620931B00557F22 /* CFBundle_InfoPlist.c */; };
		03F744262620932900557F22 /* CFString.c in Sources */ = {isa = PBXBuildFile; fileRef = 03F743C62620931D00557F22 /* CFString.c */; };
		03F744272620932900557F22 /* CFStringEncodings.c in Sources */ = {isa = PBXBuildFile; fileRef = 03F743C72620931D00557F22 /* CFStringEncodings.c */; };
		03F744282620932900557F22 /* CFURLAccess.c in Sources */ = {isa = PBXBuildFile; fileRef = 03F743CA2620931F00557F22 /* CFURLAccess.c */; };
		03F744292620932900557F22 /* CFPlugIn_Instance.c in Sources */ = {isa = PBXBuildFile; fileRef = 03F743CB2620931F00557F22 /* CFPlugIn_Instance.c */; };
		03F7442A2620932900557F22 /* CFLocale.c in Sources */ = {isa = PBXBuildFile; fileRef = 03F743CC2620932000557F22 /* CFLocale.c */; };
		03F7442B2620932900557F22 /* CFUserNotification.c in Sources */ = {isa = PBXBuildFile; fileRef = 03F743D02620932100557F22 /* CFUserNotification.c */; };
		03F7442C2620932900557F22 /* CFXMLTree.c in Sources */ = {isa = PBXBuildFile; fileRef = 03F743D12620932100557F22 /* CFXMLTree.c */; };
		03F7442D2620932900557F22 /* CFRunLoop.c in Sources */ = {isa = PBXBuildFile; fileRef = 03F743D52620932200557F22 /* CFRunLoop.c */; };
		03F7442E2620932900557F22 /* CFBinaryPList.c in Sources */ = {isa = PBXBuildFile; fileRef = 03F743D62620932200557F22 /* CFBinaryPList.c */; };
		03F7442F2620932900557F22 /* CFDictionary.c in Sources */ = {isa = PBXBuildFile; fileRef = 03F743D82620932200557F22 /* CFDictionary.c */; };
		03F744302620932900557F22 /* CFBasicHash.c in Sources */ = {isa = PBXBuildFile; fileRef = 03F743D92620932200557F22 /* CFBasicHash.c */; };
		03F744312620932900557F22 /* CFPlugIn_PlugIn.c in Sources */ = {isa = PBXBuildFile; fileRef = 03F743DA2620932300557F22 /* CFPlugIn_PlugIn.c */; };
		03F744322620932900557F22 /* CFUniChar.c in Sources */ = {isa = PBXBuildFile; fileRef = 03F743DC2620932400557F22 /* CFUniChar.c */; };
		03F744332620932900557F22 /* CFWindowsUtilities.c in Sources */ = {isa = PBXBuildFile; fileRef = 03F743DD2620932500557F22 /* CFWindowsUtilities.c */; };
		03F744342620932900557F22 /* CFSet.c in Sources */ = {isa = PBXBuildFile; fileRef = 03F743E22620932700557F22 /* CFSet.c */; };
		03F744352620932900557F22 /* CFXMLInputStream.c in Sources */ = {isa = PBXBuildFile; fileRef = 03F743E42620932700557F22 /* CFXMLInputStream.c */; };
		03F744362620932900557F22 /* CFMachPort.c in Sources */ = {isa = PBXBuildFile; fileRef = 03F743E62620932800557F22 /* CFMachPort.c */; };
/* End PBXBuildFile section */

/* Begin PBXCopyFilesBuildPhase section */
		03F74333262092C100557F22 /* CopyFiles */ = {
			isa = PBXCopyFilesBuildPhase;
			buildActionMask = 2147483647;
			dstPath = /usr/share/man/man1/;
			dstSubfolderSpec = 0;
			files = (
			);
			runOnlyForDeploymentPostprocessing = 1;
		};
/* End PBXCopyFilesBuildPhase section */

/* Begin PBXFileReference section */
		03F74335262092C100557F22 /* 27_interview_runloop_source */ = {isa = PBXFileReference; explicitFileType = "compiled.mach-o.executable"; includeInIndex = 0; path = 27_interview_runloop_source; sourceTree = BUILT_PRODUCTS_DIR; };
		03F74338262092C100557F22 /* main.m */ = {isa = PBXFileReference; lastKnownFileType = sourcecode.c.objc; path = main.m; sourceTree = "<group>"; };
		03F74340262092F800557F22 /* CFMessagePort.h */ = {isa = PBXFileReference; fileEncoding = 4; lastKnownFileType = sourcecode.c.h; path = CFMessagePort.h; sourceTree = "<group>"; };
		03F74341262092F800557F22 /* CFICULogging.h */ = {isa = PBXFileReference; fileEncoding = 4; lastKnownFileType = sourcecode.c.h; path = CFICULogging.h; sourceTree = "<group>"; };
		03F74342262092F800557F22 /* Info.plist */ = {isa = PBXFileReference; fileEncoding = 4; lastKnownFileType = text.plist.xml; path = Info.plist; sourceTree = "<group>"; };
		03F74343262092F800557F22 /* CFURL.h */ = {isa = PBXFileReference; fileEncoding = 4; lastKnownFileType = sourcecode.c.h; path = CFURL.h; sourceTree = "<group>"; };
		03F74344262092F800557F22 /* CFBundlePriv.h */ = {isa = PBXFileReference; fileEncoding = 4; lastKnownFileType = sourcecode.c.h; path = CFBundlePriv.h; sourceTree = "<group>"; };
		03F74345262092F800557F22 /* CFXMLPreferencesDomain.c */ = {isa = PBXFileReference; fileEncoding = 4; lastKnownFileType = sourcecode.c.c; path = CFXMLPreferencesDomain.c; sourceTree = "<group>"; };
		03F74346262092F800557F22 /* CFUserNotification.h */ = {isa = PBXFileReference; fileEncoding = 4; lastKnownFileType = sourcecode.c.h; path = CFUserNotification.h; sourceTree = "<group>"; };
		03F74347262092F900557F22 /* CFVersion.c */ = {isa = PBXFileReference; fileEncoding = 4; lastKnownFileType = sourcecode.c.c; path = CFVersion.c; sourceTree = "<group>"; };
		03F74348262092F900557F22 /* CFRuntime.h */ = {isa = PBXFileReference; fileEncoding = 4; lastKnownFileType = sourcecode.c.h; path = CFRuntime.h; sourceTree = "<group>"; };
		03F74349262092F900557F22 /* CFBasicHash.h */ = {isa = PBXFileReference; fileEncoding = 4; lastKnownFileType = sourcecode.c.h; path = CFBasicHash.h; sourceTree = "<group>"; };
		03F7434A262092F900557F22 /* CFError.c */ = {isa = PBXFileReference; fileEncoding = 4; lastKnownFileType = sourcecode.c.c; path = CFError.c; sourceTree = "<group>"; };
		03F7434B262092F900557F22 /* CFBundle_Locale.c */ = {isa = PBXFileReference; fileEncoding = 4; lastKnownFileType = sourcecode.c.c; path = CFBundle_Locale.c; sourceTree = "<group>"; };
		03F7434C262092FA00557F22 /* PropertyList.dtd */ = {isa = PBXFileReference; fileEncoding = 4; lastKnownFileType = text.xml; path = PropertyList.dtd; sourceTree = "<group>"; };
		03F7434D262092FA00557F22 /* CFBurstTrie.h */ = {isa = PBXFileReference; fileEncoding = 4; lastKnownFileType = sourcecode.c.h; path = CFBurstTrie.h; sourceTree = "<group>"; };
		03F7434E262092FA00557F22 /* CFCharacterSetBitmaps.bitmap */ = {isa = PBXFileReference; lastKnownFileType = file; path = CFCharacterSetBitmaps.bitmap; sourceTree = "<group>"; };
		03F7434F262092FA00557F22 /* CFStreamInternal.h */ = {isa = PBXFileReference; fileEncoding = 4; lastKnownFileType = sourcecode.c.h; path = CFStreamInternal.h; sourceTree = "<group>"; };
		03F74350262092FA00557F22 /* CFDateFormatter.c */ = {isa = PBXFileReference; fileEncoding = 4; lastKnownFileType = sourcecode.c.c; path = CFDateFormatter.c; sourceTree = "<group>"; };
		03F74351262092FA00557F22 /* CFSet.h */ = {isa = PBXFileReference; fileEncoding = 4; lastKnownFileType = sourcecode.c.h; path = CFSet.h; sourceTree = "<group>"; };
		03F74352262092FB00557F22 /* CFXMLParser.c */ = {isa = PBXFileReference; fileEncoding = 4; lastKnownFileType = sourcecode.c.c; path = CFXMLParser.c; sourceTree = "<group>"; };
		03F74354262092FB00557F22 /* plconvert.c */ = {isa = PBXFileReference; fileEncoding = 4; lastKnownFileType = sourcecode.c.c; path = plconvert.c; sourceTree = "<group>"; };
		03F74355262092FB00557F22 /* CFBundle_Grok.c */ = {isa = PBXFileReference; fileEncoding = 4; lastKnownFileType = sourcecode.c.c; path = CFBundle_Grok.c; sourceTree = "<group>"; };
		03F74356262092FB00557F22 /* CFXMLNode.h */ = {isa = PBXFileReference; fileEncoding = 4; lastKnownFileType = sourcecode.c.h; path = CFXMLNode.h; sourceTree = "<group>"; };
		03F74357262092FB00557F22 /* CFBundle.c */ = {isa = PBXFileReference; fileEncoding = 4; lastKnownFileType = sourcecode.c.c; path = CFBundle.c; sourceTree = "<group>"; };
		03F74358262092FC00557F22 /* CFApplicationPreferences.c */ = {isa = PBXFileReference; fileEncoding = 4; lastKnownFileType = sourcecode.c.c; path = CFApplicationPreferences.c; sourceTree = "<group>"; };
		03F74359262092FC00557F22 /* CFFileUtilities.c */ = {isa = PBXFileReference; fileEncoding = 4; lastKnownFileType = sourcecode.c.c; path = CFFileUtilities.c; sourceTree = "<group>"; };
		03F7435A262092FC00557F22 /* CFDate.h */ = {isa = PBXFileReference; fileEncoding = 4; lastKnownFileType = sourcecode.c.h; path = CFDate.h; sourceTree = "<group>"; };
		03F7435B262092FC00557F22 /* CFSocketStream.c */ = {isa = PBXFileReference; fileEncoding = 4; lastKnownFileType = sourcecode.c.c; path = CFSocketStream.c; sourceTree = "<group>"; };
		03F7435C262092FC00557F22 /* CFRuntime.c */ = {isa = PBXFileReference; fileEncoding = 4; lastKnownFileType = sourcecode.c.c; path = CFRuntime.c; sourceTree = "<group>"; };
		03F7435D262092FD00557F22 /* CFCharacterSet.c */ = {isa = PBXFileReference; fileEncoding = 4; lastKnownFileType = sourcecode.c.c; path = CFCharacterSet.c; sourceTree = "<group>"; };
		03F7435E262092FD00557F22 /* CFCalendar.h */ = {isa = PBXFileReference; fileEncoding = 4; lastKnownFileType = sourcecode.c.h; path = CFCalendar.h; sourceTree = "<group>"; };
		03F7435F262092FD00557F22 /* CFDate.c */ = {isa = PBXFileReference; fileEncoding = 4; lastKnownFileType = sourcecode.c.c; path = CFDate.c; sourceTree = "<group>"; };
		03F74360262092FE00557F22 /* CFStringEncodingDatabase.c */ = {isa = PBXFileReference; fileEncoding = 4; lastKnownFileType = sourcecode.c.c; path = CFStringEncodingDatabase.c; sourceTree = "<group>"; };
		03F74361262092FE00557F22 /* CFStream.h */ = {isa = PBXFileReference; fileEncoding = 4; lastKnownFileType = sourcecode.c.h; path = CFStream.h; sourceTree = "<group>"; };
		03F74362262092FF00557F22 /* CFUniCharPropertyDatabase.data */ = {isa = PBXFileReference; lastKnownFileType = file; path = CFUniCharPropertyDatabase.data; sourceTree = "<group>"; };
		03F74363262092FF00557F22 /* CFURL.c */ = {isa = PBXFileReference; fileEncoding = 4; lastKnownFileType = sourcecode.c.c; path = CFURL.c; sourceTree = "<group>"; };
		03F74364262092FF00557F22 /* CFDictionary.h */ = {isa = PBXFileReference; fileEncoding = 4; lastKnownFileType = sourcecode.c.h; path = CFDictionary.h; sourceTree = "<group>"; };
		03F743652620930000557F22 /* CFLocaleIdentifier.c */ = {isa = PBXFileReference; fileEncoding = 4; lastKnownFileType = sourcecode.c.c; path = CFLocaleIdentifier.c; sourceTree = "<group>"; };
		03F743662620930000557F22 /* CFBuiltinConverters.c */ = {isa = PBXFileReference; fileEncoding = 4; lastKnownFileType = sourcecode.c.c; path = CFBuiltinConverters.c; sourceTree = "<group>"; };
		03F743672620930000557F22 /* CFDateFormatter.h */ = {isa = PBXFileReference; fileEncoding = 4; lastKnownFileType = sourcecode.c.h; path = CFDateFormatter.h; sourceTree = "<group>"; };
		03F743682620930100557F22 /* CFNumber.h */ = {isa = PBXFileReference; fileEncoding = 4; lastKnownFileType = sourcecode.c.h; path = CFNumber.h; sourceTree = "<group>"; };
		03F743692620930100557F22 /* CFBag.h */ = {isa = PBXFileReference; fileEncoding = 4; lastKnownFileType = sourcecode.c.h; path = CFBag.h; sourceTree = "<group>"; };
		03F7436A2620930100557F22 /* CFUUID.c */ = {isa = PBXFileReference; fileEncoding = 4; lastKnownFileType = sourcecode.c.c; path = CFUUID.c; sourceTree = "<group>"; };
		03F7436B2620930100557F22 /* CFData.h */ = {isa = PBXFileReference; fileEncoding = 4; lastKnownFileType = sourcecode.c.h; path = CFData.h; sourceTree = "<group>"; };
		03F7436C2620930200557F22 /* CFICUConverters.h */ = {isa = PBXFileReference; fileEncoding = 4; lastKnownFileType = sourcecode.c.h; path = CFICUConverters.h; sourceTree = "<group>"; };
		03F7436D2620930200557F22 /* README_CFLITE */ = {isa = PBXFileReference; fileEncoding = 4; lastKnownFileType = text; path = README_CFLITE; sourceTree = "<group>"; };
		03F7436E2620930300557F22 /* CFPriv.h */ = {isa = PBXFileReference; fileEncoding = 4; lastKnownFileType = sourcecode.c.h; path = CFPriv.h; sourceTree = "<group>"; };
		03F7436F2620930300557F22 /* CFUtilities.c */ = {isa = PBXFileReference; fileEncoding = 4; lastKnownFileType = sourcecode.c.c; path = CFUtilities.c; sourceTree = "<group>"; };
		03F743702620930300557F22 /* CFPlugIn.h */ = {isa = PBXFileReference; fileEncoding = 4; lastKnownFileType = sourcecode.c.h; path = CFPlugIn.h; sourceTree = "<group>"; };
		03F743712620930300557F22 /* CFPropertyList.h */ = {isa = PBXFileReference; fileEncoding = 4; lastKnownFileType = sourcecode.c.h; path = CFPropertyList.h; sourceTree = "<group>"; };
		03F743722620930400557F22 /* CFMessagePort.c */ = {isa = PBXFileReference; fileEncoding = 4; lastKnownFileType = sourcecode.c.c; path = CFMessagePort.c; sourceTree = "<group>"; };
		03F743732620930400557F22 /* CFStringEncodingConverterPriv.h */ = {isa = PBXFileReference; fileEncoding = 4; lastKnownFileType = sourcecode.c.h; path = CFStringEncodingConverterPriv.h; sourceTree = "<group>"; };
		03F743742620930400557F22 /* CFSocket.c */ = {isa = PBXFileReference; fileEncoding = 4; lastKnownFileType = sourcecode.c.c; path = CFSocket.c; sourceTree = "<group>"; };
		03F743752620930400557F22 /* CFUnicodePrecomposition.c */ = {isa = PBXFileReference; fileEncoding = 4; lastKnownFileType = sourcecode.c.c; path = CFUnicodePrecomposition.c; sourceTree = "<group>"; };
		03F743762620930500557F22 /* CFXMLInputStream.h */ = {isa = PBXFileReference; fileEncoding = 4; lastKnownFileType = sourcecode.c.h; path = CFXMLInputStream.h; sourceTree = "<group>"; };
		03F743772620930500557F22 /* CFTree.c */ = {isa = PBXFileReference; fileEncoding = 4; lastKnownFileType = sourcecode.c.c; path = CFTree.c; sourceTree = "<group>"; };
		03F743782620930500557F22 /* CFPlatform.c */ = {isa = PBXFileReference; fileEncoding = 4; lastKnownFileType = sourcecode.c.c; path = CFPlatform.c; sourceTree = "<group>"; };
		03F743792620930500557F22 /* MakefileVersion */ = {isa = PBXFileReference; fileEncoding = 4; lastKnownFileType = text; path = MakefileVersion; sourceTree = "<group>"; };
		03F7437A2620930600557F22 /* CFData.c */ = {isa = PBXFileReference; fileEncoding = 4; lastKnownFileType = sourcecode.c.c; path = CFData.c; sourceTree = "<group>"; };
		03F7437B2620930600557F22 /* MakefileLinux */ = {isa = PBXFileReference; fileEncoding = 4; lastKnownFileType = text; path = MakefileLinux; sourceTree = "<group>"; };
		03F7437C2620930600557F22 /* CFLogUtilities.h */ = {isa = PBXFileReference; fileEncoding = 4; lastKnownFileType = sourcecode.c.h; path = CFLogUtilities.h; sourceTree = "<group>"; };
		03F7437D2620930600557F22 /* CFRunLoop.h */ = {isa = PBXFileReference; fileEncoding = 4; lastKnownFileType = sourcecode.c.h; path = CFRunLoop.h; sourceTree = "<group>"; };
		03F7437E2620930700557F22 /* CFUnicodePrecomposition.h */ = {isa = PBXFileReference; fileEncoding = 4; lastKnownFileType = sourcecode.c.h; path = CFUnicodePrecomposition.h; sourceTree = "<group>"; };
		03F7437F2620930700557F22 /* CFNumber.c */ = {isa = PBXFileReference; fileEncoding = 4; lastKnownFileType = sourcecode.c.c; path = CFNumber.c; sourceTree = "<group>"; };
		03F743802620930700557F22 /* CFUnicodeDecomposition.c */ = {isa = PBXFileReference; fileEncoding = 4; lastKnownFileType = sourcecode.c.c; path = CFUnicodeDecomposition.c; sourceTree = "<group>"; };
		03F743812620930700557F22 /* CFPreferences.c */ = {isa = PBXFileReference; fileEncoding = 4; lastKnownFileType = sourcecode.c.c; path = CFPreferences.c; sourceTree = "<group>"; };
		03F743822620930800557F22 /* CFNumberFormatter.c */ = {isa = PBXFileReference; fileEncoding = 4; lastKnownFileType = sourcecode.c.c; path = CFNumberFormatter.c; sourceTree = "<group>"; };
		03F743832620930800557F22 /* CFStorage.c */ = {isa = PBXFileReference; fileEncoding = 4; lastKnownFileType = sourcecode.c.c; path = CFStorage.c; sourceTree = "<group>"; };
		03F743842620930800557F22 /* CFUniCharPriv.h */ = {isa = PBXFileReference; fileEncoding = 4; lastKnownFileType = sourcecode.c.h; path = CFUniCharPriv.h; sourceTree = "<group>"; };
		03F743852620930900557F22 /* ForFoundationOnly.h */ = {isa = PBXFileReference; fileEncoding = 4; lastKnownFileType = sourcecode.c.h; path = ForFoundationOnly.h; sourceTree = "<group>"; };
		03F743862620930900557F22 /* CFCharacterSetPriv.h */ = {isa = PBXFileReference; fileEncoding = 4; lastKnownFileType = sourcecode.c.h; path = CFCharacterSetPriv.h; sourceTree = "<group>"; };
		03F743872620930900557F22 /* CFStream.c */ = {isa = PBXFileReference; fileEncoding = 4; lastKnownFileType = sourcecode.c.c; path = CFStream.c; sourceTree = "<group>"; };
		03F743882620930900557F22 /* CFStorage.h */ = {isa = PBXFileReference; fileEncoding = 4; lastKnownFileType = sourcecode.c.h; path = CFStorage.h; sourceTree = "<group>"; };
		03F743892620930A00557F22 /* CoreFoundation.h */ = {isa = PBXFileReference; fileEncoding = 4; lastKnownFileType = sourcecode.c.h; path = CoreFoundation.h; sourceTree = "<group>"; };
		03F7438A2620930A00557F22 /* plconvert.c */ = {isa = PBXFileReference; fileEncoding = 4; lastKnownFileType = sourcecode.c.c; path = plconvert.c; sourceTree = "<group>"; };
		03F7438B2620930A00557F22 /* CFStringScanner.c */ = {isa = PBXFileReference; fileEncoding = 4; lastKnownFileType = sourcecode.c.c; path = CFStringScanner.c; sourceTree = "<group>"; };
		03F7438C2620930A00557F22 /* CFURL.inc.h */ = {isa = PBXFileReference; fileEncoding = 4; lastKnownFileType = sourcecode.c.h; path = CFURL.inc.h; sourceTree = "<group>"; };
		03F7438D2620930B00557F22 /* CFBinaryHeap.c */ = {isa = PBXFileReference; fileEncoding = 4; lastKnownFileType = sourcecode.c.c; path = CFBinaryHeap.c; sourceTree = "<group>"; };
		03F7438E2620930B00557F22 /* CFBundle_Strings.c */ = {isa = PBXFileReference; fileEncoding = 4; lastKnownFileType = sourcecode.c.c; path = CFBundle_Strings.c; sourceTree = "<group>"; };
		03F7438F2620930B00557F22 /* CFStringEncodingConverter.h */ = {isa = PBXFileReference; fileEncoding = 4; lastKnownFileType = sourcecode.c.h; path = CFStringEncodingConverter.h; sourceTree = "<group>"; };
		03F743902620930C00557F22 /* CFBigNumber.c */ = {isa = PBXFileReference; fileEncoding = 4; lastKnownFileType = sourcecode.c.c; path = CFBigNumber.c; sourceTree = "<group>"; };
		03F743912620930C00557F22 /* CFPlatformConverters.c */ = {isa = PBXFileReference; fileEncoding = 4; lastKnownFileType = sourcecode.c.c; path = CFPlatformConverters.c; sourceTree = "<group>"; };
		03F743922620930C00557F22 /* SymbolAliases */ = {isa = PBXFileReference; fileEncoding = 4; lastKnownFileType = text; path = SymbolAliases; sourceTree = "<group>"; };
		03F743932620930D00557F22 /* CFNumberFormatter.h */ = {isa = PBXFileReference; fileEncoding = 4; lastKnownFileType = sourcecode.c.h; path = CFNumberFormatter.h; sourceTree = "<group>"; };
		03F743942620930D00557F22 /* CFConcreteStreams.c */ = {isa = PBXFileReference; fileEncoding = 4; lastKnownFileType = sourcecode.c.c; path = CFConcreteStreams.c; sourceTree = "<group>"; };
		03F743952620930D00557F22 /* CFSortFunctions.c */ = {isa = PBXFileReference; fileEncoding = 4; lastKnownFileType = sourcecode.c.c; path = CFSortFunctions.c; sourceTree = "<group>"; };
		03F743962620930E00557F22 /* CFStringUtilities.c */ = {isa = PBXFileReference; fileEncoding = 4; lastKnownFileType = sourcecode.c.c; path = CFStringUtilities.c; sourceTree = "<group>"; };
		03F743972620930E00557F22 /* CFPropertyList.c */ = {isa = PBXFileReference; fileEncoding = 4; lastKnownFileType = sourcecode.c.c; path = CFPropertyList.c; sourceTree = "<group>"; };
		03F743982620930E00557F22 /* CFTimeZone.c */ = {isa = PBXFileReference; fileEncoding = 4; lastKnownFileType = sourcecode.c.c; path = CFTimeZone.c; sourceTree = "<group>"; };
		03F743992620930E00557F22 /* CFStreamAbstract.h */ = {isa = PBXFileReference; fileEncoding = 4; lastKnownFileType = sourcecode.c.h; path = CFStreamAbstract.h; sourceTree = "<group>"; };
		03F7439A2620930F00557F22 /* CFICUConverters.c */ = {isa = PBXFileReference; fileEncoding = 4; lastKnownFileType = sourcecode.c.c; path = CFICUConverters.c; sourceTree = "<group>"; };
		03F7439B2620930F00557F22 /* CFBasicHashFindBucket.m */ = {isa = PBXFileReference; fileEncoding = 4; lastKnownFileType = sourcecode.c.objc; path = CFBasicHashFindBucket.m; sourceTree = "<group>"; };
		03F7439C2620930F00557F22 /* CFTree.h */ = {isa = PBXFileReference; fileEncoding = 4; lastKnownFileType = sourcecode.c.h; path = CFTree.h; sourceTree = "<group>"; };
		03F7439D2620930F00557F22 /* CFXMLParser.h */ = {isa = PBXFileReference; fileEncoding = 4; lastKnownFileType = sourcecode.c.h; path = CFXMLParser.h; sourceTree = "<group>"; };
		03F7439E2620931000557F22 /* CFStringEncodingDatabase.h */ = {isa = PBXFileReference; fileEncoding = 4; lastKnownFileType = sourcecode.c.h; path = CFStringEncodingDatabase.h; sourceTree = "<group>"; };
		03F7439F2620931000557F22 /* CFBigNumber.h */ = {isa = PBXFileReference; fileEncoding = 4; lastKnownFileType = sourcecode.c.h; path = CFBigNumber.h; sourceTree = "<group>"; };
		03F743A02620931000557F22 /* CFBurstTrie.c */ = {isa = PBXFileReference; fileEncoding = 4; lastKnownFileType = sourcecode.c.c; path = CFBurstTrie.c; sourceTree = "<group>"; };
		03F743A12620931000557F22 /* CFStreamPriv.h */ = {isa = PBXFileReference; fileEncoding = 4; lastKnownFileType = sourcecode.c.h; path = CFStreamPriv.h; sourceTree = "<group>"; };
		03F743A22620931100557F22 /* CFUnicodeData-B.mapping */ = {isa = PBXFileReference; lastKnownFileType = file; path = "CFUnicodeData-B.mapping"; sourceTree = "<group>"; };
		03F743A32620931100557F22 /* CFBitVector.c */ = {isa = PBXFileReference; fileEncoding = 4; lastKnownFileType = sourcecode.c.c; path = CFBitVector.c; sourceTree = "<group>"; };
		03F743A42620931100557F22 /* CFInternal.h */ = {isa = PBXFileReference; fileEncoding = 4; lastKnownFileType = sourcecode.c.h; path = CFInternal.h; sourceTree = "<group>"; };
		03F743A52620931200557F22 /* CFArray.h */ = {isa = PBXFileReference; fileEncoding = 4; lastKnownFileType = sourcecode.c.h; path = CFArray.h; sourceTree = "<group>"; };
		03F743A62620931200557F22 /* CFPlugIn_Factory.h */ = {isa = PBXFileReference; fileEncoding = 4; lastKnownFileType = sourcecode.c.h; path = CFPlugIn_Factory.h; sourceTree = "<group>"; };
		03F743A72620931200557F22 /* CFLocaleKeys.c */ = {isa = PBXFileReference; fileEncoding = 4; lastKnownFileType = sourcecode.c.c; path = CFLocaleKeys.c; sourceTree = "<group>"; };
		03F743A82620931200557F22 /* CFUnicodeDecomposition.h */ = {isa = PBXFileReference; fileEncoding = 4; lastKnownFileType = sourcecode.c.h; path = CFUnicodeDecomposition.h; sourceTree = "<group>"; };
		03F743A92620931300557F22 /* CFTimeZone.h */ = {isa = PBXFileReference; fileEncoding = 4; lastKnownFileType = sourcecode.c.h; path = CFTimeZone.h; sourceTree = "<group>"; };
		03F743AA2620931300557F22 /* Makefile */ = {isa = PBXFileReference; fileEncoding = 4; lastKnownFileType = sourcecode.make; path = Makefile; sourceTree = "<group>"; };
		03F743AB2620931300557F22 /* CFBase.c */ = {isa = PBXFileReference; fileEncoding = 4; lastKnownFileType = sourcecode.c.c; path = CFBase.c; sourceTree = "<group>"; };
		03F743AC2620931300557F22 /* CFArray.c */ = {isa = PBXFileReference; fileEncoding = 4; lastKnownFileType = sourcecode.c.c; path = CFArray.c; sourceTree = "<group>"; };
		03F743AD2620931300557F22 /* CFStringEncodingConverter.c */ = {isa = PBXFileReference; fileEncoding = 4; lastKnownFileType = sourcecode.c.c; path = CFStringEncodingConverter.c; sourceTree = "<group>"; };
		03F743AE2620931400557F22 /* CFBundle_Internal.h */ = {isa = PBXFileReference; fileEncoding = 4; lastKnownFileType = sourcecode.c.h; path = CFBundle_Internal.h; sourceTree = "<group>"; };
		03F743AF2620931400557F22 /* CFBag.c */ = {isa = PBXFileReference; fileEncoding = 4; lastKnownFileType = sourcecode.c.c; path = CFBag.c; sourceTree = "<group>"; };
		03F743B02620931400557F22 /* CFUUID.h */ = {isa = PBXFileReference; fileEncoding = 4; lastKnownFileType = sourcecode.c.h; path = CFUUID.h; sourceTree = "<group>"; };
		03F743B12620931500557F22 /* CFOldStylePList.c */ = {isa = PBXFileReference; fileEncoding = 4; lastKnownFileType = sourcecode.c.c; path = CFOldStylePList.c; sourceTree = "<group>"; };
		03F743B22620931600557F22 /* CFBundle_Binary.c */ = {isa = PBXFileReference; fileEncoding = 4; lastKnownFileType = sourcecode.c.c; path = CFBundle_Binary.c; sourceTree = "<group>"; };
		03F743B32620931600557F22 /* CFAvailability.h */ = {isa = PBXFileReference; fileEncoding = 4; lastKnownFileType = sourcecode.c.h; path = CFAvailability.h; sourceTree = "<group>"; };
		03F743B42620931600557F22 /* CFPlugIn_Factory.c */ = {isa = PBXFileReference; fileEncoding = 4; lastKnownFileType = sourcecode.c.c; path = CFPlugIn_Factory.c; sourceTree = "<group>"; };
		03F743B52620931700557F22 /* CFBinaryHeap.h */ = {isa = PBXFileReference; fileEncoding = 4; lastKnownFileType = sourcecode.c.h; path = CFBinaryHeap.h; sourceTree = "<group>"; };
		03F743B62620931700557F22 /* CFStringEncodingConverterExt.h */ = {isa = PBXFileReference; fileEncoding = 4; lastKnownFileType = sourcecode.c.h; path = CFStringEncodingConverterExt.h; sourceTree = "<group>"; };
		03F743B72620931800557F22 /* CFPlugIn.c */ = {isa = PBXFileReference; fileEncoding = 4; lastKnownFileType = sourcecode.c.c; path = CFPlugIn.c; sourceTree = "<group>"; };
		03F743B82620931800557F22 /* CFCalendar.c */ = {isa = PBXFileReference; fileEncoding = 4; lastKnownFileType = sourcecode.c.c; path = CFCalendar.c; sourceTree = "<group>"; };
		03F743B92620931900557F22 /* CFSystemDirectories.c */ = {isa = PBXFileReference; fileEncoding = 4; lastKnownFileType = sourcecode.c.c; path = CFSystemDirectories.c; sourceTree = "<group>"; };
		03F743BA2620931900557F22 /* APPLE_LICENSE */ = {isa = PBXFileReference; fileEncoding = 4; lastKnownFileType = text; path = APPLE_LICENSE; sourceTree = "<group>"; };
		03F743BB2620931A00557F22 /* CFBundle_Resources.c */ = {isa = PBXFileReference; fileEncoding = 4; lastKnownFileType = sourcecode.c.c; path = CFBundle_Resources.c; sourceTree = "<group>"; };
		03F743BC2620931A00557F22 /* CFXMLNode.c */ = {isa = PBXFileReference; fileEncoding = 4; lastKnownFileType = sourcecode.c.c; path = CFXMLNode.c; sourceTree = "<group>"; };
		03F743BD2620931A00557F22 /* CFUtilities.h */ = {isa = PBXFileReference; fileEncoding = 4; lastKnownFileType = sourcecode.c.h; path = CFUtilities.h; sourceTree = "<group>"; };
		03F743BE2620931B00557F22 /* CFSocket.h */ = {isa = PBXFileReference; fileEncoding = 4; lastKnownFileType = sourcecode.c.h; path = CFSocket.h; sourceTree = "<group>"; };
		03F743BF2620931B00557F22 /* CFBase.h */ = {isa = PBXFileReference; fileEncoding = 4; lastKnownFileType = sourcecode.c.h; path = CFBase.h; sourceTree = "<group>"; };
		03F743C02620931B00557F22 /* CFError_Private.h */ = {isa = PBXFileReference; fileEncoding = 4; lastKnownFileType = sourcecode.c.h; path = CFError_Private.h; sourceTree = "<group>"; };
		03F743C12620931B00557F22 /* CFBundle_InfoPlist.c */ = {isa = PBXFileReference; fileEncoding = 4; lastKnownFileType = sourcecode.c.c; path = CFBundle_InfoPlist.c; sourceTree = "<group>"; };
		03F743C22620931C00557F22 /* CFBundle.h */ = {isa = PBXFileReference; fileEncoding = 4; lastKnownFileType = sourcecode.c.h; path = CFBundle.h; sourceTree = "<group>"; };
		03F743C32620931C00557F22 /* CFLocaleInternal.h */ = {isa = PBXFileReference; fileEncoding = 4; lastKnownFileType = sourcecode.c.h; path = CFLocaleInternal.h; sourceTree = "<group>"; };
		03F743C42620931D00557F22 /* CFError.h */ = {isa = PBXFileReference; fileEncoding = 4; lastKnownFileType = sourcecode.c.h; path = CFError.h; sourceTree = "<group>"; };
		03F743C52620931D00557F22 /* CFCharacterSet.h */ = {isa = PBXFileReference; fileEncoding = 4; lastKnownFileType = sourcecode.c.h; path = CFCharacterSet.h; sourceTree = "<group>"; };
		03F743C62620931D00557F22 /* CFString.c */ = {isa = PBXFileReference; fileEncoding = 4; lastKnownFileType = sourcecode.c.c; path = CFString.c; sourceTree = "<group>"; };
		03F743C72620931D00557F22 /* CFStringEncodings.c */ = {isa = PBXFileReference; fileEncoding = 4; lastKnownFileType = sourcecode.c.c; path = CFStringEncodings.c; sourceTree = "<group>"; };
		03F743C82620931E00557F22 /* CFBundle_BinaryTypes.h */ = {isa = PBXFileReference; fileEncoding = 4; lastKnownFileType = sourcecode.c.h; path = CFBundle_BinaryTypes.h; sourceTree = "<group>"; };
		03F743C92620931E00557F22 /* CFUnicodeData-L.mapping */ = {isa = PBXFileReference; lastKnownFileType = file; path = "CFUnicodeData-L.mapping"; sourceTree = "<group>"; };
		03F743CA2620931F00557F22 /* CFURLAccess.c */ = {isa = PBXFileReference; fileEncoding = 4; lastKnownFileType = sourcecode.c.c; path = CFURLAccess.c; sourceTree = "<group>"; };
		03F743CB2620931F00557F22 /* CFPlugIn_Instance.c */ = {isa = PBXFileReference; fileEncoding = 4; lastKnownFileType = sourcecode.c.c; path = CFPlugIn_Instance.c; sourceTree = "<group>"; };
		03F743CC2620932000557F22 /* CFLocale.c */ = {isa = PBXFileReference; fileEncoding = 4; lastKnownFileType = sourcecode.c.c; path = CFLocale.c; sourceTree = "<group>"; };
		03F743CD2620932000557F22 /* CFURLAccess.h */ = {isa = PBXFileReference; fileEncoding = 4; lastKnownFileType = sourcecode.c.h; path = CFURLAccess.h; sourceTree = "<group>"; };
		03F743CE2620932000557F22 /* CFByteOrder.h */ = {isa = PBXFileReference; fileEncoding = 4; lastKnownFileType = sourcecode.c.h; path = CFByteOrder.h; sourceTree = "<group>"; };
		03F743CF2620932000557F22 /* CFURLPriv.h */ = {isa = PBXFileReference; fileEncoding = 4; lastKnownFileType = sourcecode.c.h; path = CFURLPriv.h; sourceTree = "<group>"; };
		03F743D02620932100557F22 /* CFUserNotification.c */ = {isa = PBXFileReference; fileEncoding = 4; lastKnownFileType = sourcecode.c.c; path = CFUserNotification.c; sourceTree = "<group>"; };
		03F743D12620932100557F22 /* CFXMLTree.c */ = {isa = PBXFileReference; fileEncoding = 4; lastKnownFileType = sourcecode.c.c; path = CFXMLTree.c; sourceTree = "<group>"; };
		03F743D22620932100557F22 /* CoreFoundation_Prefix.h */ = {isa = PBXFileReference; fileEncoding = 4; lastKnownFileType = sourcecode.c.h; path = CoreFoundation_Prefix.h; sourceTree = "<group>"; };
		03F743D32620932100557F22 /* CFPlugInCOM.h */ = {isa = PBXFileReference; fileEncoding = 4; lastKnownFileType = sourcecode.c.h; path = CFPlugInCOM.h; sourceTree = "<group>"; };
		03F743D42620932100557F22 /* CFBitVector.h */ = {isa = PBXFileReference; fileEncoding = 4; lastKnownFileType = sourcecode.c.h; path = CFBitVector.h; sourceTree = "<group>"; };
		03F743D52620932200557F22 /* CFRunLoop.c */ = {isa = PBXFileReference; fileEncoding = 4; lastKnownFileType = sourcecode.c.c; path = CFRunLoop.c; sourceTree = "<group>"; };
		03F743D62620932200557F22 /* CFBinaryPList.c */ = {isa = PBXFileReference; fileEncoding = 4; lastKnownFileType = sourcecode.c.c; path = CFBinaryPList.c; sourceTree = "<group>"; };
		03F743D72620932200557F22 /* CFLocale.h */ = {isa = PBXFileReference; fileEncoding = 4; lastKnownFileType = sourcecode.c.h; path = CFLocale.h; sourceTree = "<group>"; };
		03F743D82620932200557F22 /* CFDictionary.c */ = {isa = PBXFileReference; fileEncoding = 4; lastKnownFileType = sourcecode.c.c; path = CFDictionary.c; sourceTree = "<group>"; };
		03F743D92620932200557F22 /* CFBasicHash.c */ = {isa = PBXFileReference; fileEncoding = 4; lastKnownFileType = sourcecode.c.c; path = CFBasicHash.c; sourceTree = "<group>"; };
		03F743DA2620932300557F22 /* CFPlugIn_PlugIn.c */ = {isa = PBXFileReference; fileEncoding = 4; lastKnownFileType = sourcecode.c.c; path = CFPlugIn_PlugIn.c; sourceTree = "<group>"; };
		03F743DB2620932400557F22 /* CFString.h */ = {isa = PBXFileReference; fileEncoding = 4; lastKnownFileType = sourcecode.c.h; path = CFString.h; sourceTree = "<group>"; };
		03F743DC2620932400557F22 /* CFUniChar.c */ = {isa = PBXFileReference; fileEncoding = 4; lastKnownFileType = sourcecode.c.c; path = CFUniChar.c; sourceTree = "<group>"; };
		03F743DD2620932500557F22 /* CFWindowsUtilities.c */ = {isa = PBXFileReference; fileEncoding = 4; lastKnownFileType = sourcecode.c.c; path = CFWindowsUtilities.c; sourceTree = "<group>"; };
		03F743DE2620932500557F22 /* TargetConditionals.h */ = {isa = PBXFileReference; fileEncoding = 4; lastKnownFileType = sourcecode.c.h; path = TargetConditionals.h; sourceTree = "<group>"; };
		03F743DF2620932600557F22 /* CFStringEncodingExt.h */ = {isa = PBXFileReference; fileEncoding = 4; lastKnownFileType = sourcecode.c.h; path = CFStringEncodingExt.h; sourceTree = "<group>"; };
		03F743E02620932600557F22 /* CFStringDefaultEncoding.h */ = {isa = PBXFileReference; fileEncoding = 4; lastKnownFileType = sourcecode.c.h; path = CFStringDefaultEncoding.h; sourceTree = "<group>"; };
		03F743E12620932600557F22 /* CFUniChar.h */ = {isa = PBXFileReference; fileEncoding = 4; lastKnownFileType = sourcecode.c.h; path = CFUniChar.h; sourceTree = "<group>"; };
		03F743E22620932700557F22 /* CFSet.c */ = {isa = PBXFileReference; fileEncoding = 4; lastKnownFileType = sourcecode.c.c; path = CFSet.c; sourceTree = "<group>"; };
		03F743E32620932700557F22 /* CFPreferences.h */ = {isa = PBXFileReference; fileEncoding = 4; lastKnownFileType = sourcecode.c.h; path = CFPreferences.h; sourceTree = "<group>"; };
		03F743E42620932700557F22 /* CFXMLInputStream.c */ = {isa = PBXFileReference; fileEncoding = 4; lastKnownFileType = sourcecode.c.c; path = CFXMLInputStream.c; sourceTree = "<group>"; };
		03F743E52620932800557F22 /* CFMachPort.h */ = {isa = PBXFileReference; fileEncoding = 4; lastKnownFileType = sourcecode.c.h; path = CFMachPort.h; sourceTree = "<group>"; };
		03F743E62620932800557F22 /* CFMachPort.c */ = {isa = PBXFileReference; fileEncoding = 4; lastKnownFileType = sourcecode.c.c; path = CFMachPort.c; sourceTree = "<group>"; };
/* End PBXFileReference section */

/* Begin PBXFrameworksBuildPhase section */
		03F74332262092C100557F22 /* Frameworks */ = {
			isa = PBXFrameworksBuildPhase;
			buildActionMask = 2147483647;
			files = (
			);
			runOnlyForDeploymentPostprocessing = 0;
		};
/* End PBXFrameworksBuildPhase section */

/* Begin PBXGroup section */
		03F7432C262092C100557F22 = {
			isa = PBXGroup;
			children = (
				03F74337262092C100557F22 /* 27_interview_runloop_source */,
				03F74336262092C100557F22 /* Products */,
			);
			sourceTree = "<group>";
		};
		03F74336262092C100557F22 /* Products */ = {
			isa = PBXGroup;
			children = (
				03F74335262092C100557F22 /* 27_interview_runloop_source */,
			);
			name = Products;
			sourceTree = "<group>";
		};
		03F74337262092C100557F22 /* 27_interview_runloop_source */ = {
			isa = PBXGroup;
			children = (
				03F744382620933200557F22 /* source */,
				03F74338262092C100557F22 /* main.m */,
			);
			path = 27_interview_runloop_source;
			sourceTree = "<group>";
		};
		03F74353262092FB00557F22 /* Examples */ = {
			isa = PBXGroup;
			children = (
				03F74354262092FB00557F22 /* plconvert.c */,
			);
			path = Examples;
			sourceTree = "<group>";
		};
		03F744382620933200557F22 /* source */ = {
			isa = PBXGroup;
			children = (
				03F743BA2620931900557F22 /* APPLE_LICENSE */,
				03F74358262092FC00557F22 /* CFApplicationPreferences.c */,
				03F743AC2620931300557F22 /* CFArray.c */,
				03F743A52620931200557F22 /* CFArray.h */,
				03F743B32620931600557F22 /* CFAvailability.h */,
				03F743AF2620931400557F22 /* CFBag.c */,
				03F743692620930100557F22 /* CFBag.h */,
				03F743AB2620931300557F22 /* CFBase.c */,
				03F743BF2620931B00557F22 /* CFBase.h */,
				03F743D92620932200557F22 /* CFBasicHash.c */,
				03F74349262092F900557F22 /* CFBasicHash.h */,
				03F7439B2620930F00557F22 /* CFBasicHashFindBucket.m */,
				03F743902620930C00557F22 /* CFBigNumber.c */,
				03F7439F2620931000557F22 /* CFBigNumber.h */,
				03F7438D2620930B00557F22 /* CFBinaryHeap.c */,
				03F743B52620931700557F22 /* CFBinaryHeap.h */,
				03F743D62620932200557F22 /* CFBinaryPList.c */,
				03F743A32620931100557F22 /* CFBitVector.c */,
				03F743D42620932100557F22 /* CFBitVector.h */,
				03F743662620930000557F22 /* CFBuiltinConverters.c */,
				03F743B22620931600557F22 /* CFBundle_Binary.c */,
				03F743C82620931E00557F22 /* CFBundle_BinaryTypes.h */,
				03F74355262092FB00557F22 /* CFBundle_Grok.c */,
				03F743C12620931B00557F22 /* CFBundle_InfoPlist.c */,
				03F743AE2620931400557F22 /* CFBundle_Internal.h */,
				03F7434B262092F900557F22 /* CFBundle_Locale.c */,
				03F743BB2620931A00557F22 /* CFBundle_Resources.c */,
				03F7438E2620930B00557F22 /* CFBundle_Strings.c */,
				03F74357262092FB00557F22 /* CFBundle.c */,
				03F743C22620931C00557F22 /* CFBundle.h */,
				03F74344262092F800557F22 /* CFBundlePriv.h */,
				03F743A02620931000557F22 /* CFBurstTrie.c */,
				03F7434D262092FA00557F22 /* CFBurstTrie.h */,
				03F743CE2620932000557F22 /* CFByteOrder.h */,
				03F743B82620931800557F22 /* CFCalendar.c */,
				03F7435E262092FD00557F22 /* CFCalendar.h */,
				03F7435D262092FD00557F22 /* CFCharacterSet.c */,
				03F743C52620931D00557F22 /* CFCharacterSet.h */,
				03F7434E262092FA00557F22 /* CFCharacterSetBitmaps.bitmap */,
				03F743862620930900557F22 /* CFCharacterSetPriv.h */,
				03F743942620930D00557F22 /* CFConcreteStreams.c */,
				03F7437A2620930600557F22 /* CFData.c */,
				03F7436B2620930100557F22 /* CFData.h */,
				03F7435F262092FD00557F22 /* CFDate.c */,
				03F7435A262092FC00557F22 /* CFDate.h */,
				03F74350262092FA00557F22 /* CFDateFormatter.c */,
				03F743672620930000557F22 /* CFDateFormatter.h */,
				03F743D82620932200557F22 /* CFDictionary.c */,
				03F74364262092FF00557F22 /* CFDictionary.h */,
				03F743C02620931B00557F22 /* CFError_Private.h */,
				03F7434A262092F900557F22 /* CFError.c */,
				03F743C42620931D00557F22 /* CFError.h */,
				03F74359262092FC00557F22 /* CFFileUtilities.c */,
				03F7439A2620930F00557F22 /* CFICUConverters.c */,
				03F7436C2620930200557F22 /* CFICUConverters.h */,
				03F74341262092F800557F22 /* CFICULogging.h */,
				03F743A42620931100557F22 /* CFInternal.h */,
				03F743CC2620932000557F22 /* CFLocale.c */,
				03F743D72620932200557F22 /* CFLocale.h */,
				03F743652620930000557F22 /* CFLocaleIdentifier.c */,
				03F743C32620931C00557F22 /* CFLocaleInternal.h */,
				03F743A72620931200557F22 /* CFLocaleKeys.c */,
				03F7437C2620930600557F22 /* CFLogUtilities.h */,
				03F743E62620932800557F22 /* CFMachPort.c */,
				03F743E52620932800557F22 /* CFMachPort.h */,
				03F743722620930400557F22 /* CFMessagePort.c */,
				03F74340262092F800557F22 /* CFMessagePort.h */,
				03F7437F2620930700557F22 /* CFNumber.c */,
				03F743682620930100557F22 /* CFNumber.h */,
				03F743822620930800557F22 /* CFNumberFormatter.c */,
				03F743932620930D00557F22 /* CFNumberFormatter.h */,
				03F743B12620931500557F22 /* CFOldStylePList.c */,
				03F743782620930500557F22 /* CFPlatform.c */,
				03F743912620930C00557F22 /* CFPlatformConverters.c */,
				03F743B42620931600557F22 /* CFPlugIn_Factory.c */,
				03F743A62620931200557F22 /* CFPlugIn_Factory.h */,
				03F743CB2620931F00557F22 /* CFPlugIn_Instance.c */,
				03F743DA2620932300557F22 /* CFPlugIn_PlugIn.c */,
				03F743B72620931800557F22 /* CFPlugIn.c */,
				03F743702620930300557F22 /* CFPlugIn.h */,
				03F743D32620932100557F22 /* CFPlugInCOM.h */,
				03F743812620930700557F22 /* CFPreferences.c */,
				03F743E32620932700557F22 /* CFPreferences.h */,
				03F7436E2620930300557F22 /* CFPriv.h */,
				03F743972620930E00557F22 /* CFPropertyList.c */,
				03F743712620930300557F22 /* CFPropertyList.h */,
				03F743D52620932200557F22 /* CFRunLoop.c */,
				03F7437D2620930600557F22 /* CFRunLoop.h */,
				03F7435C262092FC00557F22 /* CFRuntime.c */,
				03F74348262092F900557F22 /* CFRuntime.h */,
				03F743E22620932700557F22 /* CFSet.c */,
				03F74351262092FA00557F22 /* CFSet.h */,
				03F743742620930400557F22 /* CFSocket.c */,
				03F743BE2620931B00557F22 /* CFSocket.h */,
				03F7435B262092FC00557F22 /* CFSocketStream.c */,
				03F743952620930D00557F22 /* CFSortFunctions.c */,
				03F743832620930800557F22 /* CFStorage.c */,
				03F743882620930900557F22 /* CFStorage.h */,
				03F743872620930900557F22 /* CFStream.c */,
				03F74361262092FE00557F22 /* CFStream.h */,
				03F743992620930E00557F22 /* CFStreamAbstract.h */,
				03F7434F262092FA00557F22 /* CFStreamInternal.h */,
				03F743A12620931000557F22 /* CFStreamPriv.h */,
				03F743C62620931D00557F22 /* CFString.c */,
				03F743DB2620932400557F22 /* CFString.h */,
				03F743E02620932600557F22 /* CFStringDefaultEncoding.h */,
				03F743AD2620931300557F22 /* CFStringEncodingConverter.c */,
				03F7438F2620930B00557F22 /* CFStringEncodingConverter.h */,
				03F743B62620931700557F22 /* CFStringEncodingConverterExt.h */,
				03F743732620930400557F22 /* CFStringEncodingConverterPriv.h */,
				03F74360262092FE00557F22 /* CFStringEncodingDatabase.c */,
				03F7439E2620931000557F22 /* CFStringEncodingDatabase.h */,
				03F743DF2620932600557F22 /* CFStringEncodingExt.h */,
				03F743C72620931D00557F22 /* CFStringEncodings.c */,
				03F7438B2620930A00557F22 /* CFStringScanner.c */,
				03F743962620930E00557F22 /* CFStringUtilities.c */,
				03F743B92620931900557F22 /* CFSystemDirectories.c */,
				03F743982620930E00557F22 /* CFTimeZone.c */,
				03F743A92620931300557F22 /* CFTimeZone.h */,
				03F743772620930500557F22 /* CFTree.c */,
				03F7439C2620930F00557F22 /* CFTree.h */,
				03F743DC2620932400557F22 /* CFUniChar.c */,
				03F743E12620932600557F22 /* CFUniChar.h */,
				03F743842620930800557F22 /* CFUniCharPriv.h */,
				03F74362262092FF00557F22 /* CFUniCharPropertyDatabase.data */,
				03F743A22620931100557F22 /* CFUnicodeData-B.mapping */,
				03F743C92620931E00557F22 /* CFUnicodeData-L.mapping */,
				03F743802620930700557F22 /* CFUnicodeDecomposition.c */,
				03F743A82620931200557F22 /* CFUnicodeDecomposition.h */,
				03F743752620930400557F22 /* CFUnicodePrecomposition.c */,
				03F7437E2620930700557F22 /* CFUnicodePrecomposition.h */,
				03F74363262092FF00557F22 /* CFURL.c */,
				03F74343262092F800557F22 /* CFURL.h */,
				03F7438C2620930A00557F22 /* CFURL.inc.h */,
				03F743CA2620931F00557F22 /* CFURLAccess.c */,
				03F743CD2620932000557F22 /* CFURLAccess.h */,
				03F743CF2620932000557F22 /* CFURLPriv.h */,
				03F743D02620932100557F22 /* CFUserNotification.c */,
				03F74346262092F800557F22 /* CFUserNotification.h */,
				03F7436F2620930300557F22 /* CFUtilities.c */,
				03F743BD2620931A00557F22 /* CFUtilities.h */,
				03F7436A2620930100557F22 /* CFUUID.c */,
				03F743B02620931400557F22 /* CFUUID.h */,
				03F74347262092F900557F22 /* CFVersion.c */,
				03F743DD2620932500557F22 /* CFWindowsUtilities.c */,
				03F743E42620932700557F22 /* CFXMLInputStream.c */,
				03F743762620930500557F22 /* CFXMLInputStream.h */,
				03F743BC2620931A00557F22 /* CFXMLNode.c */,
				03F74356262092FB00557F22 /* CFXMLNode.h */,
				03F74352262092FB00557F22 /* CFXMLParser.c */,
				03F7439D2620930F00557F22 /* CFXMLParser.h */,
				03F74345262092F800557F22 /* CFXMLPreferencesDomain.c */,
				03F743D12620932100557F22 /* CFXMLTree.c */,
				03F743D22620932100557F22 /* CoreFoundation_Prefix.h */,
				03F743892620930A00557F22 /* CoreFoundation.h */,
				03F74353262092FB00557F22 /* Examples */,
				03F743852620930900557F22 /* ForFoundationOnly.h */,
				03F74342262092F800557F22 /* Info.plist */,
				03F743AA2620931300557F22 /* Makefile */,
				03F7437B2620930600557F22 /* MakefileLinux */,
				03F743792620930500557F22 /* MakefileVersion */,
				03F7438A2620930A00557F22 /* plconvert.c */,
				03F7434C262092FA00557F22 /* PropertyList.dtd */,
				03F7436D2620930200557F22 /* README_CFLITE */,
				03F743922620930C00557F22 /* SymbolAliases */,
				03F743DE2620932500557F22 /* TargetConditionals.h */,
			);
			path = source;
			sourceTree = "<group>";
		};
/* End PBXGroup section */

/* Begin PBXNativeTarget section */
		03F74334262092C100557F22 /* 27_interview_runloop_source */ = {
			isa = PBXNativeTarget;
			buildConfigurationList = 03F7433C262092C100557F22 /* Build configuration list for PBXNativeTarget "27_interview_runloop_source" */;
			buildPhases = (
				03F74331262092C100557F22 /* Sources */,
				03F74332262092C100557F22 /* Frameworks */,
				03F74333262092C100557F22 /* CopyFiles */,
			);
			buildRules = (
			);
			dependencies = (
			);
			name = 27_interview_runloop_source;
			productName = 27_interview_runloop_source;
			productReference = 03F74335262092C100557F22 /* 27_interview_runloop_source */;
			productType = "com.apple.product-type.tool";
		};
/* End PBXNativeTarget section */

/* Begin PBXProject section */
		03F7432D262092C100557F22 /* Project object */ = {
			isa = PBXProject;
			attributes = {
				LastUpgradeCheck = 1240;
				TargetAttributes = {
					03F74334262092C100557F22 = {
						CreatedOnToolsVersion = 12.4;
					};
				};
			};
			buildConfigurationList = 03F74330262092C100557F22 /* Build configuration list for PBXProject "27_interview_runloop_source" */;
			compatibilityVersion = "Xcode 9.3";
			developmentRegion = en;
			hasScannedForEncodings = 0;
			knownRegions = (
				en,
				Base,
			);
			mainGroup = 03F7432C262092C100557F22;
			productRefGroup = 03F74336262092C100557F22 /* Products */;
			projectDirPath = "";
			projectRoot = "";
			targets = (
				03F74334262092C100557F22 /* 27_interview_runloop_source */,
			);
		};
/* End PBXProject section */

/* Begin PBXSourcesBuildPhase section */
		03F74331262092C100557F22 /* Sources */ = {
			isa = PBXSourcesBuildPhase;
			buildActionMask = 2147483647;
			files = (
				03F744082620932900557F22 /* plconvert.c in Sources */,
				03F743F72620932900557F22 /* CFURL.c in Sources */,
				03F743FB2620932900557F22 /* CFUtilities.c in Sources */,
				03F743F92620932900557F22 /* CFBuiltinConverters.c in Sources */,
				03F743F52620932900557F22 /* CFDate.c in Sources */,
				03F743FF2620932900557F22 /* CFTree.c in Sources */,
				03F744262620932900557F22 /* CFString.c in Sources */,
				03F7440C2620932900557F22 /* CFBigNumber.c in Sources */,
				03F7441D2620932900557F22 /* CFOldStylePList.c in Sources */,
				03F743EC2620932900557F22 /* CFXMLParser.c in Sources */,
				03F744102620932900557F22 /* CFStringUtilities.c in Sources */,
				03F7442A2620932900557F22 /* CFLocale.c in Sources */,
				03F7440D2620932900557F22 /* CFPlatformConverters.c in Sources */,
				03F743ED2620932900557F22 /* plconvert.c in Sources */,
				03F7442F2620932900557F22 /* CFDictionary.c in Sources */,
				03F744152620932900557F22 /* CFBurstTrie.c in Sources */,
				03F744092620932900557F22 /* CFStringScanner.c in Sources */,
				03F744332620932900557F22 /* CFWindowsUtilities.c in Sources */,
				03F743F02620932900557F22 /* CFApplicationPreferences.c in Sources */,
				03F744002620932900557F22 /* CFPlatform.c in Sources */,
				03F744212620932900557F22 /* CFCalendar.c in Sources */,
				03F744222620932900557F22 /* CFSystemDirectories.c in Sources */,
				03F744142620932900557F22 /* CFBasicHashFindBucket.m in Sources */,
				03F743F12620932900557F22 /* CFFileUtilities.c in Sources */,
				03F744342620932900557F22 /* CFSet.c in Sources */,
				03F744352620932900557F22 /* CFXMLInputStream.c in Sources */,
				03F744162620932900557F22 /* CFBitVector.c in Sources */,
				03F744362620932900557F22 /* CFMachPort.c in Sources */,
				03F744272620932900557F22 /* CFStringEncodings.c in Sources */,
				03F7442B2620932900557F22 /* CFUserNotification.c in Sources */,
				03F744182620932900557F22 /* Makefile in Sources */,
				03F744052620932900557F22 /* CFNumberFormatter.c in Sources */,
				03F744302620932900557F22 /* CFBasicHash.c in Sources */,
				03F743EF2620932900557F22 /* CFBundle.c in Sources */,
				03F7441F2620932900557F22 /* CFPlugIn_Factory.c in Sources */,
				03F7441A2620932900557F22 /* CFArray.c in Sources */,
				03F744172620932900557F22 /* CFLocaleKeys.c in Sources */,
				03F743E82620932900557F22 /* CFVersion.c in Sources */,
				03F744232620932900557F22 /* CFBundle_Resources.c in Sources */,
				03F743EA2620932900557F22 /* CFBundle_Locale.c in Sources */,
				03F744292620932900557F22 /* CFPlugIn_Instance.c in Sources */,
				03F7442C2620932900557F22 /* CFXMLTree.c in Sources */,
				03F7442E2620932900557F22 /* CFBinaryPList.c in Sources */,
				03F744132620932900557F22 /* CFICUConverters.c in Sources */,
				03F743FE2620932900557F22 /* CFUnicodePrecomposition.c in Sources */,
				03F744202620932900557F22 /* CFPlugIn.c in Sources */,
				03F744322620932900557F22 /* CFUniChar.c in Sources */,
				03F7441B2620932900557F22 /* CFStringEncodingConverter.c in Sources */,
				03F743E92620932900557F22 /* CFError.c in Sources */,
				03F744072620932900557F22 /* CFStream.c in Sources */,
				03F7440B2620932900557F22 /* CFBundle_Strings.c in Sources */,
				03F743F42620932900557F22 /* CFCharacterSet.c in Sources */,
				03F744012620932900557F22 /* CFData.c in Sources */,
				03F743EB2620932900557F22 /* CFDateFormatter.c in Sources */,
				03F743F22620932900557F22 /* CFSocketStream.c in Sources */,
				03F743F82620932900557F22 /* CFLocaleIdentifier.c in Sources */,
				03F7440E2620932900557F22 /* CFConcreteStreams.c in Sources */,
				03F744032620932900557F22 /* CFUnicodeDecomposition.c in Sources */,
				03F744242620932900557F22 /* CFXMLNode.c in Sources */,
				03F7440A2620932900557F22 /* CFBinaryHeap.c in Sources */,
				03F743FC2620932900557F22 /* CFMessagePort.c in Sources */,
				03F74339262092C100557F22 /* main.m in Sources */,
				03F743F32620932900557F22 /* CFRuntime.c in Sources */,
				03F743F62620932900557F22 /* CFStringEncodingDatabase.c in Sources */,
				03F743E72620932900557F22 /* CFXMLPreferencesDomain.c in Sources */,
				03F744282620932900557F22 /* CFURLAccess.c in Sources */,
				03F744062620932900557F22 /* CFStorage.c in Sources */,
				03F743FD2620932900557F22 /* CFSocket.c in Sources */,
				03F7442D2620932900557F22 /* CFRunLoop.c in Sources */,
				03F744312620932900557F22 /* CFPlugIn_PlugIn.c in Sources */,
				03F743EE2620932900557F22 /* CFBundle_Grok.c in Sources */,
				03F7441C2620932900557F22 /* CFBag.c in Sources */,
				03F744112620932900557F22 /* CFPropertyList.c in Sources */,
				03F744122620932900557F22 /* CFTimeZone.c in Sources */,
				03F7440F2620932900557F22 /* CFSortFunctions.c in Sources */,
				03F744042620932900557F22 /* CFPreferences.c in Sources */,
				03F744192620932900557F22 /* CFBase.c in Sources */,
				03F744022620932900557F22 /* CFNumber.c in Sources */,
				03F7441E2620932900557F22 /* CFBundle_Binary.c in Sources */,
				03F743FA2620932900557F22 /* CFUUID.c in Sources */,
				03F744252620932900557F22 /* CFBundle_InfoPlist.c in Sources */,
			);
			runOnlyForDeploymentPostprocessing = 0;
		};
/* End PBXSourcesBuildPhase section */

/* Begin XCBuildConfiguration section */
		03F7433A262092C100557F22 /* Debug */ = {
			isa = XCBuildConfiguration;
			buildSettings = {
				ALWAYS_SEARCH_USER_PATHS = NO;
				CLANG_ANALYZER_NONNULL = YES;
				CLANG_ANALYZER_NUMBER_OBJECT_CONVERSION = YES_AGGRESSIVE;
				CLANG_CXX_LANGUAGE_STANDARD = "gnu++14";
				CLANG_CXX_LIBRARY = "libc++";
				CLANG_ENABLE_MODULES = YES;
				CLANG_ENABLE_OBJC_ARC = YES;
				CLANG_ENABLE_OBJC_WEAK = YES;
				CLANG_WARN_BLOCK_CAPTURE_AUTORELEASING = YES;
				CLANG_WARN_BOOL_CONVERSION = YES;
				CLANG_WARN_COMMA = YES;
				CLANG_WARN_CONSTANT_CONVERSION = YES;
				CLANG_WARN_DEPRECATED_OBJC_IMPLEMENTATIONS = YES;
				CLANG_WARN_DIRECT_OBJC_ISA_USAGE = YES_ERROR;
				CLANG_WARN_DOCUMENTATION_COMMENTS = YES;
				CLANG_WARN_EMPTY_BODY = YES;
				CLANG_WARN_ENUM_CONVERSION = YES;
				CLANG_WARN_INFINITE_RECURSION = YES;
				CLANG_WARN_INT_CONVERSION = YES;
				CLANG_WARN_NON_LITERAL_NULL_CONVERSION = YES;
				CLANG_WARN_OBJC_IMPLICIT_RETAIN_SELF = YES;
				CLANG_WARN_OBJC_LITERAL_CONVERSION = YES;
				CLANG_WARN_OBJC_ROOT_CLASS = YES_ERROR;
				CLANG_WARN_QUOTED_INCLUDE_IN_FRAMEWORK_HEADER = YES;
				CLANG_WARN_RANGE_LOOP_ANALYSIS = YES;
				CLANG_WARN_STRICT_PROTOTYPES = YES;
				CLANG_WARN_SUSPICIOUS_MOVE = YES;
				CLANG_WARN_UNGUARDED_AVAILABILITY = YES_AGGRESSIVE;
				CLANG_WARN_UNREACHABLE_CODE = YES;
				CLANG_WARN__DUPLICATE_METHOD_MATCH = YES;
				COPY_PHASE_STRIP = NO;
				DEBUG_INFORMATION_FORMAT = dwarf;
				ENABLE_STRICT_OBJC_MSGSEND = YES;
				ENABLE_TESTABILITY = YES;
				GCC_C_LANGUAGE_STANDARD = gnu11;
				GCC_DYNAMIC_NO_PIC = NO;
				GCC_NO_COMMON_BLOCKS = YES;
				GCC_OPTIMIZATION_LEVEL = 0;
				GCC_PREPROCESSOR_DEFINITIONS = (
					"DEBUG=1",
					"$(inherited)",
				);
				GCC_WARN_64_TO_32_BIT_CONVERSION = YES;
				GCC_WARN_ABOUT_RETURN_TYPE = YES_ERROR;
				GCC_WARN_UNDECLARED_SELECTOR = YES;
				GCC_WARN_UNINITIALIZED_AUTOS = YES_AGGRESSIVE;
				GCC_WARN_UNUSED_FUNCTION = YES;
				GCC_WARN_UNUSED_VARIABLE = YES;
				MACOSX_DEPLOYMENT_TARGET = 11.1;
				MTL_ENABLE_DEBUG_INFO = INCLUDE_SOURCE;
				MTL_FAST_MATH = YES;
				ONLY_ACTIVE_ARCH = YES;
				SDKROOT = macosx;
			};
			name = Debug;
		};
		03F7433B262092C100557F22 /* Release */ = {
			isa = XCBuildConfiguration;
			buildSettings = {
				ALWAYS_SEARCH_USER_PATHS = NO;
				CLANG_ANALYZER_NONNULL = YES;
				CLANG_ANALYZER_NUMBER_OBJECT_CONVERSION = YES_AGGRESSIVE;
				CLANG_CXX_LANGUAGE_STANDARD = "gnu++14";
				CLANG_CXX_LIBRARY = "libc++";
				CLANG_ENABLE_MODULES = YES;
				CLANG_ENABLE_OBJC_ARC = YES;
				CLANG_ENABLE_OBJC_WEAK = YES;
				CLANG_WARN_BLOCK_CAPTURE_AUTORELEASING = YES;
				CLANG_WARN_BOOL_CONVERSION = YES;
				CLANG_WARN_COMMA = YES;
				CLANG_WARN_CONSTANT_CONVERSION = YES;
				CLANG_WARN_DEPRECATED_OBJC_IMPLEMENTATIONS = YES;
				CLANG_WARN_DIRECT_OBJC_ISA_USAGE = YES_ERROR;
				CLANG_WARN_DOCUMENTATION_COMMENTS = YES;
				CLANG_WARN_EMPTY_BODY = YES;
				CLANG_WARN_ENUM_CONVERSION = YES;
				CLANG_WARN_INFINITE_RECURSION = YES;
				CLANG_WARN_INT_CONVERSION = YES;
				CLANG_WARN_NON_LITERAL_NULL_CONVERSION = YES;
				CLANG_WARN_OBJC_IMPLICIT_RETAIN_SELF = YES;
				CLANG_WARN_OBJC_LITERAL_CONVERSION = YES;
				CLANG_WARN_OBJC_ROOT_CLASS = YES_ERROR;
				CLANG_WARN_QUOTED_INCLUDE_IN_FRAMEWORK_HEADER = YES;
				CLANG_WARN_RANGE_LOOP_ANALYSIS = YES;
				CLANG_WARN_STRICT_PROTOTYPES = YES;
				CLANG_WARN_SUSPICIOUS_MOVE = YES;
				CLANG_WARN_UNGUARDED_AVAILABILITY = YES_AGGRESSIVE;
				CLANG_WARN_UNREACHABLE_CODE = YES;
				CLANG_WARN__DUPLICATE_METHOD_MATCH = YES;
				COPY_PHASE_STRIP = NO;
				DEBUG_INFORMATION_FORMAT = "dwarf-with-dsym";
				ENABLE_NS_ASSERTIONS = NO;
				ENABLE_STRICT_OBJC_MSGSEND = YES;
				GCC_C_LANGUAGE_STANDARD = gnu11;
				GCC_NO_COMMON_BLOCKS = YES;
				GCC_WARN_64_TO_32_BIT_CONVERSION = YES;
				GCC_WARN_ABOUT_RETURN_TYPE = YES_ERROR;
				GCC_WARN_UNDECLARED_SELECTOR = YES;
				GCC_WARN_UNINITIALIZED_AUTOS = YES_AGGRESSIVE;
				GCC_WARN_UNUSED_FUNCTION = YES;
				GCC_WARN_UNUSED_VARIABLE = YES;
				MACOSX_DEPLOYMENT_TARGET = 11.1;
				MTL_ENABLE_DEBUG_INFO = NO;
				MTL_FAST_MATH = YES;
				SDKROOT = macosx;
			};
			name = Release;
		};
		03F7433D262092C100557F22 /* Debug */ = {
			isa = XCBuildConfiguration;
			buildSettings = {
				CODE_SIGN_STYLE = Automatic;
				PRODUCT_NAME = "$(TARGET_NAME)";
			};
			name = Debug;
		};
		03F7433E262092C100557F22 /* Release */ = {
			isa = XCBuildConfiguration;
			buildSettings = {
				CODE_SIGN_STYLE = Automatic;
				PRODUCT_NAME = "$(TARGET_NAME)";
			};
			name = Release;
		};
/* End XCBuildConfiguration section */

/* Begin XCConfigurationList section */
		03F74330262092C100557F22 /* Build configuration list for PBXProject "27_interview_runloop_source" */ = {
			isa = XCConfigurationList;
			buildConfigurations = (
				03F7433A262092C100557F22 /* Debug */,
				03F7433B262092C100557F22 /* Release */,
			);
			defaultConfigurationIsVisible = 0;
			defaultConfigurationName = Release;
		};
		03F7433C262092C100557F22 /* Build configuration list for PBXNativeTarget "27_interview_runloop_source" */ = {
			isa = XCConfigurationList;
			buildConfigurations = (
				03F7433D262092C100557F22 /* Debug */,
				03F7433E262092C100557F22 /* Release */,
			);
			defaultConfigurationIsVisible = 0;
			defaultConfigurationName = Release;
		};
/* End XCConfigurationList section */
	};
	rootObject = 03F7432D262092C100557F22 /* Project object */;
}
